// !$*UTF8*$!
{
	archiveVersion = 1;
	classes = {
	};
	objectVersion = 46;
	objects = {

/* Begin PBXBuildFile section */
		41278D451A9FE57C0073F9FE /* MOSInstructionDecoder.m in Sources */ = {isa = PBXBuildFile; fileRef = 41278D441A9FE57C0073F9FE /* MOSInstructionDecoder.m */; };
		41278D461A9FE5F40073F9FE /* MOSInstructionDecoder.m in Sources */ = {isa = PBXBuildFile; fileRef = 41278D441A9FE57C0073F9FE /* MOSInstructionDecoder.m */; };
		41278D4C1AA07C6E0073F9FE /* MOSInstruction.m in Sources */ = {isa = PBXBuildFile; fileRef = 41278D4B1AA07C6E0073F9FE /* MOSInstruction.m */; };
		41278D4D1AA07CFB0073F9FE /* MOSInstruction.m in Sources */ = {isa = PBXBuildFile; fileRef = 41278D4B1AA07C6E0073F9FE /* MOSInstruction.m */; };
		41278D551AA12C850073F9FE /* MOSOperationTests.m in Sources */ = {isa = PBXBuildFile; fileRef = 41278D541AA12C850073F9FE /* MOSOperationTests.m */; };
		41278D581AA12D110073F9FE /* MOSClearCarryFlagOperation.m in Sources */ = {isa = PBXBuildFile; fileRef = 41278D571AA12D110073F9FE /* MOSClearCarryFlagOperation.m */; };
		41278D591AA12D110073F9FE /* MOSClearCarryFlagOperation.m in Sources */ = {isa = PBXBuildFile; fileRef = 41278D571AA12D110073F9FE /* MOSClearCarryFlagOperation.m */; };
		41278D611AA12E460073F9FE /* MOSSetCarryFlagOperation.m in Sources */ = {isa = PBXBuildFile; fileRef = 41278D601AA12E460073F9FE /* MOSSetCarryFlagOperation.m */; };
		41278D621AA12E460073F9FE /* MOSSetCarryFlagOperation.m in Sources */ = {isa = PBXBuildFile; fileRef = 41278D601AA12E460073F9FE /* MOSSetCarryFlagOperation.m */; };
		41278D651AA12F140073F9FE /* MOSStatusRegister.m in Sources */ = {isa = PBXBuildFile; fileRef = 41278D641AA12F140073F9FE /* MOSStatusRegister.m */; };
		41278D661AA12F140073F9FE /* MOSStatusRegister.m in Sources */ = {isa = PBXBuildFile; fileRef = 41278D641AA12F140073F9FE /* MOSStatusRegister.m */; };
		41278D6D1AA133290073F9FE /* MOSCPU.m in Sources */ = {isa = PBXBuildFile; fileRef = 41278D6C1AA133290073F9FE /* MOSCPU.m */; };
		41278D6E1AA133290073F9FE /* MOSCPU.m in Sources */ = {isa = PBXBuildFile; fileRef = 41278D6C1AA133290073F9FE /* MOSCPU.m */; };
		41278D711AA134D20073F9FE /* MOSJumpOperation.m in Sources */ = {isa = PBXBuildFile; fileRef = 41278D701AA134D20073F9FE /* MOSJumpOperation.m */; };
		41278D721AA134D20073F9FE /* MOSJumpOperation.m in Sources */ = {isa = PBXBuildFile; fileRef = 41278D701AA134D20073F9FE /* MOSJumpOperation.m */; };
		41278D751AA137CB0073F9FE /* MOSProgramTests.m in Sources */ = {isa = PBXBuildFile; fileRef = 41278D741AA137CB0073F9FE /* MOSProgramTests.m */; };
		41278D791AA139DD0073F9FE /* MOSFakeDataStream.m in Sources */ = {isa = PBXBuildFile; fileRef = 41278D771AA139DD0073F9FE /* MOSFakeDataStream.m */; };
		41278D7C1AA13E460073F9FE /* MOSLoadRegisterOperation.m in Sources */ = {isa = PBXBuildFile; fileRef = 41278D7B1AA13E460073F9FE /* MOSLoadRegisterOperation.m */; };
		41278D7D1AA13E460073F9FE /* MOSLoadRegisterOperation.m in Sources */ = {isa = PBXBuildFile; fileRef = 41278D7B1AA13E460073F9FE /* MOSLoadRegisterOperation.m */; };
		41278D831AA147540073F9FE /* MOSRegisterValues.m in Sources */ = {isa = PBXBuildFile; fileRef = 41278D821AA147540073F9FE /* MOSRegisterValues.m */; };
		41278D841AA147540073F9FE /* MOSRegisterValues.m in Sources */ = {isa = PBXBuildFile; fileRef = 41278D821AA147540073F9FE /* MOSRegisterValues.m */; };
		41278D871AA14AB40073F9FE /* MOSCompareOperation.m in Sources */ = {isa = PBXBuildFile; fileRef = 41278D861AA14AB40073F9FE /* MOSCompareOperation.m */; };
		41278D881AA14AB40073F9FE /* MOSCompareOperation.m in Sources */ = {isa = PBXBuildFile; fileRef = 41278D861AA14AB40073F9FE /* MOSCompareOperation.m */; };
		41278D8A1AA1B4B70073F9FE /* MOSOperation.m in Sources */ = {isa = PBXBuildFile; fileRef = 41278D891AA1B4B70073F9FE /* MOSOperation.m */; };
		41278D8B1AA1B4B70073F9FE /* MOSOperation.m in Sources */ = {isa = PBXBuildFile; fileRef = 41278D891AA1B4B70073F9FE /* MOSOperation.m */; };
		419695671A9FA46800787278 /* main.m in Sources */ = {isa = PBXBuildFile; fileRef = 419695661A9FA46800787278 /* main.m */; };
		419695781A9FA55E00787278 /* MOSInstructionDecoderTests.m in Sources */ = {isa = PBXBuildFile; fileRef = 419695771A9FA55E00787278 /* MOSInstructionDecoderTests.m */; };
/* End PBXBuildFile section */

/* Begin PBXCopyFilesBuildPhase section */
		419695611A9FA46800787278 /* CopyFiles */ = {
			isa = PBXCopyFilesBuildPhase;
			buildActionMask = 2147483647;
			dstPath = /usr/share/man/man1/;
			dstSubfolderSpec = 0;
			files = (
			);
			runOnlyForDeploymentPostprocessing = 1;
		};
/* End PBXCopyFilesBuildPhase section */

/* Begin PBXFileReference section */
		41278D431A9FE57C0073F9FE /* MOSInstructionDecoder.h */ = {isa = PBXFileReference; fileEncoding = 4; lastKnownFileType = sourcecode.c.h; path = MOSInstructionDecoder.h; sourceTree = "<group>"; };
		41278D441A9FE57C0073F9FE /* MOSInstructionDecoder.m */ = {isa = PBXFileReference; fileEncoding = 4; lastKnownFileType = sourcecode.c.objc; path = MOSInstructionDecoder.m; sourceTree = "<group>"; };
		41278D471AA07B570073F9FE /* MOSInstructionDecoder+Private.h */ = {isa = PBXFileReference; fileEncoding = 4; lastKnownFileType = sourcecode.c.h; path = "MOSInstructionDecoder+Private.h"; sourceTree = "<group>"; };
		41278D491AA07BDA0073F9FE /* MOSInstruction.h */ = {isa = PBXFileReference; fileEncoding = 4; lastKnownFileType = sourcecode.c.h; path = MOSInstruction.h; sourceTree = "<group>"; };
		41278D4B1AA07C6E0073F9FE /* MOSInstruction.m */ = {isa = PBXFileReference; fileEncoding = 4; lastKnownFileType = sourcecode.c.objc; lineEnding = 0; path = MOSInstruction.m; sourceTree = "<group>"; xcLanguageSpecificationIdentifier = xcode.lang.objc; };
		41278D541AA12C850073F9FE /* MOSOperationTests.m */ = {isa = PBXFileReference; fileEncoding = 4; lastKnownFileType = sourcecode.c.objc; path = MOSOperationTests.m; sourceTree = "<group>"; };
		41278D561AA12D110073F9FE /* MOSClearCarryFlagOperation.h */ = {isa = PBXFileReference; fileEncoding = 4; lastKnownFileType = sourcecode.c.h; path = MOSClearCarryFlagOperation.h; sourceTree = "<group>"; };
		41278D571AA12D110073F9FE /* MOSClearCarryFlagOperation.m */ = {isa = PBXFileReference; fileEncoding = 4; lastKnownFileType = sourcecode.c.objc; path = MOSClearCarryFlagOperation.m; sourceTree = "<group>"; };
		41278D5F1AA12E460073F9FE /* MOSSetCarryFlagOperation.h */ = {isa = PBXFileReference; fileEncoding = 4; lastKnownFileType = sourcecode.c.h; path = MOSSetCarryFlagOperation.h; sourceTree = "<group>"; };
		41278D601AA12E460073F9FE /* MOSSetCarryFlagOperation.m */ = {isa = PBXFileReference; fileEncoding = 4; lastKnownFileType = sourcecode.c.objc; path = MOSSetCarryFlagOperation.m; sourceTree = "<group>"; };
		41278D631AA12F140073F9FE /* MOSStatusRegister.h */ = {isa = PBXFileReference; fileEncoding = 4; lastKnownFileType = sourcecode.c.h; path = MOSStatusRegister.h; sourceTree = "<group>"; };
		41278D641AA12F140073F9FE /* MOSStatusRegister.m */ = {isa = PBXFileReference; fileEncoding = 4; lastKnownFileType = sourcecode.c.objc; path = MOSStatusRegister.m; sourceTree = "<group>"; };
		41278D671AA130C50073F9FE /* MOSOperation.h */ = {isa = PBXFileReference; fileEncoding = 4; lastKnownFileType = sourcecode.c.h; path = MOSOperation.h; sourceTree = "<group>"; };
		41278D6B1AA133290073F9FE /* MOSCPU.h */ = {isa = PBXFileReference; fileEncoding = 4; lastKnownFileType = sourcecode.c.h; path = MOSCPU.h; sourceTree = "<group>"; };
		41278D6C1AA133290073F9FE /* MOSCPU.m */ = {isa = PBXFileReference; fileEncoding = 4; lastKnownFileType = sourcecode.c.objc; path = MOSCPU.m; sourceTree = "<group>"; };
		41278D6F1AA134D20073F9FE /* MOSJumpOperation.h */ = {isa = PBXFileReference; fileEncoding = 4; lastKnownFileType = sourcecode.c.h; path = MOSJumpOperation.h; sourceTree = "<group>"; };
		41278D701AA134D20073F9FE /* MOSJumpOperation.m */ = {isa = PBXFileReference; fileEncoding = 4; lastKnownFileType = sourcecode.c.objc; path = MOSJumpOperation.m; sourceTree = "<group>"; };
		41278D731AA135480073F9FE /* MOSTypes.h */ = {isa = PBXFileReference; lastKnownFileType = sourcecode.c.h; path = MOSTypes.h; sourceTree = "<group>"; };
		41278D741AA137CB0073F9FE /* MOSProgramTests.m */ = {isa = PBXFileReference; fileEncoding = 4; lastKnownFileType = sourcecode.c.objc; path = MOSProgramTests.m; sourceTree = "<group>"; };
		41278D761AA138C30073F9FE /* MOSFakeDataStream.h */ = {isa = PBXFileReference; lastKnownFileType = sourcecode.c.h; path = MOSFakeDataStream.h; sourceTree = "<group>"; };
		41278D771AA139DD0073F9FE /* MOSFakeDataStream.m */ = {isa = PBXFileReference; fileEncoding = 4; lastKnownFileType = sourcecode.c.objc; path = MOSFakeDataStream.m; sourceTree = "<group>"; };
		41278D7A1AA13E460073F9FE /* MOSLoadRegisterOperation.h */ = {isa = PBXFileReference; fileEncoding = 4; lastKnownFileType = sourcecode.c.h; path = MOSLoadRegisterOperation.h; sourceTree = "<group>"; };
		41278D7B1AA13E460073F9FE /* MOSLoadRegisterOperation.m */ = {isa = PBXFileReference; fileEncoding = 4; lastKnownFileType = sourcecode.c.objc; path = MOSLoadRegisterOperation.m; sourceTree = "<group>"; };
		41278D811AA147540073F9FE /* MOSRegisterValues.h */ = {isa = PBXFileReference; fileEncoding = 4; lastKnownFileType = sourcecode.c.h; path = MOSRegisterValues.h; sourceTree = "<group>"; };
		41278D821AA147540073F9FE /* MOSRegisterValues.m */ = {isa = PBXFileReference; fileEncoding = 4; lastKnownFileType = sourcecode.c.objc; path = MOSRegisterValues.m; sourceTree = "<group>"; };
		41278D851AA14AB40073F9FE /* MOSCompareOperation.h */ = {isa = PBXFileReference; fileEncoding = 4; lastKnownFileType = sourcecode.c.h; path = MOSCompareOperation.h; sourceTree = "<group>"; };
		41278D861AA14AB40073F9FE /* MOSCompareOperation.m */ = {isa = PBXFileReference; fileEncoding = 4; lastKnownFileType = sourcecode.c.objc; path = MOSCompareOperation.m; sourceTree = "<group>"; };
		41278D891AA1B4B70073F9FE /* MOSOperation.m */ = {isa = PBXFileReference; fileEncoding = 4; lastKnownFileType = sourcecode.c.objc; path = MOSOperation.m; sourceTree = "<group>"; };
		419695631A9FA46800787278 /* MOSSim */ = {isa = PBXFileReference; explicitFileType = "compiled.mach-o.executable"; includeInIndex = 0; path = MOSSim; sourceTree = BUILT_PRODUCTS_DIR; };
		419695661A9FA46800787278 /* main.m */ = {isa = PBXFileReference; lastKnownFileType = sourcecode.c.objc; path = main.m; sourceTree = "<group>"; };
		419695731A9FA55E00787278 /* MOSSimTests.xctest */ = {isa = PBXFileReference; explicitFileType = wrapper.cfbundle; includeInIndex = 0; path = MOSSimTests.xctest; sourceTree = BUILT_PRODUCTS_DIR; };
		419695761A9FA55E00787278 /* Info.plist */ = {isa = PBXFileReference; lastKnownFileType = text.plist.xml; path = Info.plist; sourceTree = "<group>"; };
		419695771A9FA55E00787278 /* MOSInstructionDecoderTests.m */ = {isa = PBXFileReference; lastKnownFileType = sourcecode.c.objc; lineEnding = 0; path = MOSInstructionDecoderTests.m; sourceTree = "<group>"; xcLanguageSpecificationIdentifier = xcode.lang.objc; };
/* End PBXFileReference section */

/* Begin PBXFrameworksBuildPhase section */
		419695601A9FA46800787278 /* Frameworks */ = {
			isa = PBXFrameworksBuildPhase;
			buildActionMask = 2147483647;
			files = (
			);
			runOnlyForDeploymentPostprocessing = 0;
		};
		419695701A9FA55E00787278 /* Frameworks */ = {
			isa = PBXFrameworksBuildPhase;
			buildActionMask = 2147483647;
			files = (
			);
			runOnlyForDeploymentPostprocessing = 0;
		};
/* End PBXFrameworksBuildPhase section */

/* Begin PBXGroup section */
		41278D5A1AA12D160073F9FE /* Operations */ = {
			isa = PBXGroup;
			children = (
				41278D561AA12D110073F9FE /* MOSClearCarryFlagOperation.h */,
				41278D571AA12D110073F9FE /* MOSClearCarryFlagOperation.m */,
				41278D5F1AA12E460073F9FE /* MOSSetCarryFlagOperation.h */,
				41278D601AA12E460073F9FE /* MOSSetCarryFlagOperation.m */,
				41278D6F1AA134D20073F9FE /* MOSJumpOperation.h */,
				41278D701AA134D20073F9FE /* MOSJumpOperation.m */,
				41278D7A1AA13E460073F9FE /* MOSLoadRegisterOperation.h */,
				41278D7B1AA13E460073F9FE /* MOSLoadRegisterOperation.m */,
				41278D851AA14AB40073F9FE /* MOSCompareOperation.h */,
				41278D861AA14AB40073F9FE /* MOSCompareOperation.m */,
			);
			name = Operations;
			sourceTree = "<group>";
		};
		4196955A1A9FA46800787278 = {
			isa = PBXGroup;
			children = (
				419695651A9FA46800787278 /* MOSSim */,
				419695741A9FA55E00787278 /* MOSSimTests */,
				419695641A9FA46800787278 /* Products */,
			);
			sourceTree = "<group>";
		};
		419695641A9FA46800787278 /* Products */ = {
			isa = PBXGroup;
			children = (
				419695631A9FA46800787278 /* MOSSim */,
				419695731A9FA55E00787278 /* MOSSimTests.xctest */,
			);
			name = Products;
			sourceTree = "<group>";
		};
		419695651A9FA46800787278 /* MOSSim */ = {
			isa = PBXGroup;
			children = (
				419695661A9FA46800787278 /* main.m */,
				41278D431A9FE57C0073F9FE /* MOSInstructionDecoder.h */,
				41278D441A9FE57C0073F9FE /* MOSInstructionDecoder.m */,
				41278D471AA07B570073F9FE /* MOSInstructionDecoder+Private.h */,
				41278D491AA07BDA0073F9FE /* MOSInstruction.h */,
				41278D4B1AA07C6E0073F9FE /* MOSInstruction.m */,
				41278D631AA12F140073F9FE /* MOSStatusRegister.h */,
				41278D641AA12F140073F9FE /* MOSStatusRegister.m */,
				41278D671AA130C50073F9FE /* MOSOperation.h */,
				41278D891AA1B4B70073F9FE /* MOSOperation.m */,
				41278D6B1AA133290073F9FE /* MOSCPU.h */,
				41278D6C1AA133290073F9FE /* MOSCPU.m */,
				41278D731AA135480073F9FE /* MOSTypes.h */,
				41278D811AA147540073F9FE /* MOSRegisterValues.h */,
				41278D821AA147540073F9FE /* MOSRegisterValues.m */,
				41278D5A1AA12D160073F9FE /* Operations */,
			);
			path = MOSSim;
			sourceTree = "<group>";
		};
		419695741A9FA55E00787278 /* MOSSimTests */ = {
			isa = PBXGroup;
			children = (
				419695771A9FA55E00787278 /* MOSInstructionDecoderTests.m */,
				41278D541AA12C850073F9FE /* MOSOperationTests.m */,
				41278D741AA137CB0073F9FE /* MOSProgramTests.m */,
				419695751A9FA55E00787278 /* Supporting Files */,
			);
			path = MOSSimTests;
			sourceTree = "<group>";
		};
		419695751A9FA55E00787278 /* Supporting Files */ = {
			isa = PBXGroup;
			children = (
				419695761A9FA55E00787278 /* Info.plist */,
				41278D761AA138C30073F9FE /* MOSFakeDataStream.h */,
				41278D771AA139DD0073F9FE /* MOSFakeDataStream.m */,
			);
			name = "Supporting Files";
			sourceTree = "<group>";
		};
/* End PBXGroup section */

/* Begin PBXNativeTarget section */
		419695621A9FA46800787278 /* MOSSim */ = {
			isa = PBXNativeTarget;
			buildConfigurationList = 4196956A1A9FA46800787278 /* Build configuration list for PBXNativeTarget "MOSSim" */;
			buildPhases = (
				4196955F1A9FA46800787278 /* Sources */,
				419695601A9FA46800787278 /* Frameworks */,
				419695611A9FA46800787278 /* CopyFiles */,
			);
			buildRules = (
			);
			dependencies = (
			);
			name = MOSSim;
			productName = MOSSim;
			productReference = 419695631A9FA46800787278 /* MOSSim */;
			productType = "com.apple.product-type.tool";
		};
		419695721A9FA55E00787278 /* MOSSimTests */ = {
			isa = PBXNativeTarget;
			buildConfigurationList = 419695791A9FA55E00787278 /* Build configuration list for PBXNativeTarget "MOSSimTests" */;
			buildPhases = (
				4196956F1A9FA55E00787278 /* Sources */,
				419695701A9FA55E00787278 /* Frameworks */,
				419695711A9FA55E00787278 /* Resources */,
			);
			buildRules = (
			);
			dependencies = (
			);
			name = MOSSimTests;
			productName = MOSSimTests;
			productReference = 419695731A9FA55E00787278 /* MOSSimTests.xctest */;
			productType = "com.apple.product-type.bundle.unit-test";
		};
/* End PBXNativeTarget section */

/* Begin PBXProject section */
		4196955B1A9FA46800787278 /* Project object */ = {
			isa = PBXProject;
			attributes = {
				LastUpgradeCheck = 0610;
				ORGANIZATIONNAME = "Carmen Wick";
				TargetAttributes = {
					419695621A9FA46800787278 = {
						CreatedOnToolsVersion = 6.1.1;
					};
					419695721A9FA55E00787278 = {
						CreatedOnToolsVersion = 6.1.1;
					};
				};
			};
			buildConfigurationList = 4196955E1A9FA46800787278 /* Build configuration list for PBXProject "MOSSim" */;
			compatibilityVersion = "Xcode 3.2";
			developmentRegion = English;
			hasScannedForEncodings = 0;
			knownRegions = (
				en,
			);
			mainGroup = 4196955A1A9FA46800787278;
			productRefGroup = 419695641A9FA46800787278 /* Products */;
			projectDirPath = "";
			projectRoot = "";
			targets = (
				419695621A9FA46800787278 /* MOSSim */,
				419695721A9FA55E00787278 /* MOSSimTests */,
			);
		};
/* End PBXProject section */

/* Begin PBXResourcesBuildPhase section */
		419695711A9FA55E00787278 /* Resources */ = {
			isa = PBXResourcesBuildPhase;
			buildActionMask = 2147483647;
			files = (
			);
			runOnlyForDeploymentPostprocessing = 0;
		};
/* End PBXResourcesBuildPhase section */

/* Begin PBXSourcesBuildPhase section */
		4196955F1A9FA46800787278 /* Sources */ = {
			isa = PBXSourcesBuildPhase;
			buildActionMask = 2147483647;
			files = (
				41278D4C1AA07C6E0073F9FE /* MOSInstruction.m in Sources */,
				41278D8A1AA1B4B70073F9FE /* MOSOperation.m in Sources */,
				41278D7C1AA13E460073F9FE /* MOSLoadRegisterOperation.m in Sources */,
				41278D711AA134D20073F9FE /* MOSJumpOperation.m in Sources */,
				41278D581AA12D110073F9FE /* MOSClearCarryFlagOperation.m in Sources */,
				419695671A9FA46800787278 /* main.m in Sources */,
				41278D6D1AA133290073F9FE /* MOSCPU.m in Sources */,
				41278D651AA12F140073F9FE /* MOSStatusRegister.m in Sources */,
				41278D871AA14AB40073F9FE /* MOSCompareOperation.m in Sources */,
				41278D611AA12E460073F9FE /* MOSSetCarryFlagOperation.m in Sources */,
				41278D831AA147540073F9FE /* MOSRegisterValues.m in Sources */,
				41278D451A9FE57C0073F9FE /* MOSInstructionDecoder.m in Sources */,
			);
			runOnlyForDeploymentPostprocessing = 0;
		};
		4196956F1A9FA55E00787278 /* Sources */ = {
			isa = PBXSourcesBuildPhase;
			buildActionMask = 2147483647;
			files = (
				41278D751AA137CB0073F9FE /* MOSProgramTests.m in Sources */,
				41278D621AA12E460073F9FE /* MOSSetCarryFlagOperation.m in Sources */,
				41278D841AA147540073F9FE /* MOSRegisterValues.m in Sources */,
				41278D551AA12C850073F9FE /* MOSOperationTests.m in Sources */,
				41278D6E1AA133290073F9FE /* MOSCPU.m in Sources */,
				41278D791AA139DD0073F9FE /* MOSFakeDataStream.m in Sources */,
				41278D591AA12D110073F9FE /* MOSClearCarryFlagOperation.m in Sources */,
				41278D8B1AA1B4B70073F9FE /* MOSOperation.m in Sources */,
				41278D4D1AA07CFB0073F9FE /* MOSInstruction.m in Sources */,
				419695781A9FA55E00787278 /* MOSInstructionDecoderTests.m in Sources */,
				41278D881AA14AB40073F9FE /* MOSCompareOperation.m in Sources */,
				41278D721AA134D20073F9FE /* MOSJumpOperation.m in Sources */,
				41278D661AA12F140073F9FE /* MOSStatusRegister.m in Sources */,
				41278D7D1AA13E460073F9FE /* MOSLoadRegisterOperation.m in Sources */,
				41278D461A9FE5F40073F9FE /* MOSInstructionDecoder.m in Sources */,
			);
			runOnlyForDeploymentPostprocessing = 0;
		};
/* End PBXSourcesBuildPhase section */

/* Begin XCBuildConfiguration section */
		419695681A9FA46800787278 /* Debug */ = {
			isa = XCBuildConfiguration;
			buildSettings = {
				ALWAYS_SEARCH_USER_PATHS = NO;
				CLANG_CXX_LANGUAGE_STANDARD = "gnu++0x";
				CLANG_CXX_LIBRARY = "libc++";
				CLANG_ENABLE_MODULES = YES;
				CLANG_ENABLE_OBJC_ARC = YES;
				CLANG_WARN_BOOL_CONVERSION = YES;
				CLANG_WARN_CONSTANT_CONVERSION = YES;
				CLANG_WARN_DIRECT_OBJC_ISA_USAGE = YES_ERROR;
				CLANG_WARN_EMPTY_BODY = YES;
				CLANG_WARN_ENUM_CONVERSION = YES;
				CLANG_WARN_INT_CONVERSION = YES;
				CLANG_WARN_OBJC_ROOT_CLASS = YES_ERROR;
				CLANG_WARN_UNREACHABLE_CODE = YES;
				CLANG_WARN__DUPLICATE_METHOD_MATCH = YES;
				COPY_PHASE_STRIP = NO;
				ENABLE_STRICT_OBJC_MSGSEND = YES;
				GCC_C_LANGUAGE_STANDARD = gnu99;
				GCC_DYNAMIC_NO_PIC = NO;
				GCC_OPTIMIZATION_LEVEL = 0;
				GCC_PREPROCESSOR_DEFINITIONS = (
					"DEBUG=1",
					"$(inherited)",
				);
				GCC_SYMBOLS_PRIVATE_EXTERN = NO;
				GCC_WARN_64_TO_32_BIT_CONVERSION = YES;
				GCC_WARN_ABOUT_RETURN_TYPE = YES_ERROR;
				GCC_WARN_UNDECLARED_SELECTOR = YES;
				GCC_WARN_UNINITIALIZED_AUTOS = YES_AGGRESSIVE;
				GCC_WARN_UNUSED_FUNCTION = YES;
				GCC_WARN_UNUSED_VARIABLE = YES;
				MACOSX_DEPLOYMENT_TARGET = 10.10;
				MTL_ENABLE_DEBUG_INFO = YES;
				ONLY_ACTIVE_ARCH = YES;
				SDKROOT = macosx;
			};
			name = Debug;
		};
		419695691A9FA46800787278 /* Release */ = {
			isa = XCBuildConfiguration;
			buildSettings = {
				ALWAYS_SEARCH_USER_PATHS = NO;
				CLANG_CXX_LANGUAGE_STANDARD = "gnu++0x";
				CLANG_CXX_LIBRARY = "libc++";
				CLANG_ENABLE_MODULES = YES;
				CLANG_ENABLE_OBJC_ARC = YES;
				CLANG_WARN_BOOL_CONVERSION = YES;
				CLANG_WARN_CONSTANT_CONVERSION = YES;
				CLANG_WARN_DIRECT_OBJC_ISA_USAGE = YES_ERROR;
				CLANG_WARN_EMPTY_BODY = YES;
				CLANG_WARN_ENUM_CONVERSION = YES;
				CLANG_WARN_INT_CONVERSION = YES;
				CLANG_WARN_OBJC_ROOT_CLASS = YES_ERROR;
				CLANG_WARN_UNREACHABLE_CODE = YES;
				CLANG_WARN__DUPLICATE_METHOD_MATCH = YES;
				COPY_PHASE_STRIP = YES;
				DEBUG_INFORMATION_FORMAT = "dwarf-with-dsym";
				ENABLE_NS_ASSERTIONS = NO;
				ENABLE_STRICT_OBJC_MSGSEND = YES;
				GCC_C_LANGUAGE_STANDARD = gnu99;
				GCC_WARN_64_TO_32_BIT_CONVERSION = YES;
				GCC_WARN_ABOUT_RETURN_TYPE = YES_ERROR;
				GCC_WARN_UNDECLARED_SELECTOR = YES;
				GCC_WARN_UNINITIALIZED_AUTOS = YES_AGGRESSIVE;
				GCC_WARN_UNUSED_FUNCTION = YES;
				GCC_WARN_UNUSED_VARIABLE = YES;
				MACOSX_DEPLOYMENT_TARGET = 10.10;
				MTL_ENABLE_DEBUG_INFO = NO;
				SDKROOT = macosx;
			};
			name = Release;
		};
		4196956B1A9FA46800787278 /* Debug */ = {
			isa = XCBuildConfiguration;
			buildSettings = {
				PRODUCT_NAME = "$(TARGET_NAME)";
			};
			name = Debug;
		};
		4196956C1A9FA46800787278 /* Release */ = {
			isa = XCBuildConfiguration;
			buildSettings = {
				PRODUCT_NAME = "$(TARGET_NAME)";
			};
			name = Release;
		};
		4196957A1A9FA55E00787278 /* Debug */ = {
			isa = XCBuildConfiguration;
			buildSettings = {
				COMBINE_HIDPI_IMAGES = YES;
				FRAMEWORK_SEARCH_PATHS = (
					"$(DEVELOPER_FRAMEWORKS_DIR)",
					"$(inherited)",
				);
				GCC_PREPROCESSOR_DEFINITIONS = (
					"DEBUG=1",
					"$(inherited)",
				);
				INFOPLIST_FILE = MOSSimTests/Info.plist;
				LD_RUNPATH_SEARCH_PATHS = "$(inherited) @executable_path/../Frameworks @loader_path/../Frameworks";
				PRODUCT_NAME = "$(TARGET_NAME)";
			};
			name = Debug;
		};
		4196957B1A9FA55E00787278 /* Release */ = {
			isa = XCBuildConfiguration;
			buildSettings = {
				COMBINE_HIDPI_IMAGES = YES;
				FRAMEWORK_SEARCH_PATHS = (
					"$(DEVELOPER_FRAMEWORKS_DIR)",
					"$(inherited)",
				);
				INFOPLIST_FILE = MOSSimTests/Info.plist;
				LD_RUNPATH_SEARCH_PATHS = "$(inherited) @executable_path/../Frameworks @loader_path/../Frameworks";
				PRODUCT_NAME = "$(TARGET_NAME)";
			};
			name = Release;
		};
/* End XCBuildConfiguration section */

/* Begin XCConfigurationList section */
		4196955E1A9FA46800787278 /* Build configuration list for PBXProject "MOSSim" */ = {
			isa = XCConfigurationList;
			buildConfigurations = (
				419695681A9FA46800787278 /* Debug */,
				419695691A9FA46800787278 /* Release */,
			);
			defaultConfigurationIsVisible = 0;
			defaultConfigurationName = Release;
		};
		4196956A1A9FA46800787278 /* Build configuration list for PBXNativeTarget "MOSSim" */ = {
			isa = XCConfigurationList;
			buildConfigurations = (
				4196956B1A9FA46800787278 /* Debug */,
				4196956C1A9FA46800787278 /* Release */,
			);
			defaultConfigurationIsVisible = 0;
			defaultConfigurationName = Release;
		};
		419695791A9FA55E00787278 /* Build configuration list for PBXNativeTarget "MOSSimTests" */ = {
			isa = XCConfigurationList;
			buildConfigurations = (
				4196957A1A9FA55E00787278 /* Debug */,
				4196957B1A9FA55E00787278 /* Release */,
			);
			defaultConfigurationIsVisible = 0;
			defaultConfigurationName = Release;
		};
/* End XCConfigurationList section */
	};
	rootObject = 4196955B1A9FA46800787278 /* Project object */;
}
