// !$*UTF8*$!
{
	archiveVersion = 1;
	classes = {
	};
	objectVersion = 46;
	objects = {

/* Begin PBXBuildFile section */
		41278D451A9FE57C0073F9FE /* MOSInstructionDecoder.m in Sources */ = {isa = PBXBuildFile; fileRef = 41278D441A9FE57C0073F9FE /* MOSInstructionDecoder.m */; };
		41278D461A9FE5F40073F9FE /* MOSInstructionDecoder.m in Sources */ = {isa = PBXBuildFile; fileRef = 41278D441A9FE57C0073F9FE /* MOSInstructionDecoder.m */; };
		41278D551AA12C850073F9FE /* MOSOperationTests.m in Sources */ = {isa = PBXBuildFile; fileRef = 41278D541AA12C850073F9FE /* MOSOperationTests.m */; };
		41278D581AA12D110073F9FE /* MOSClearCarryFlagOperation.m in Sources */ = {isa = PBXBuildFile; fileRef = 41278D571AA12D110073F9FE /* MOSClearCarryFlagOperation.m */; };
		41278D591AA12D110073F9FE /* MOSClearCarryFlagOperation.m in Sources */ = {isa = PBXBuildFile; fileRef = 41278D571AA12D110073F9FE /* MOSClearCarryFlagOperation.m */; };
		41278D611AA12E460073F9FE /* MOSSetCarryFlagOperation.m in Sources */ = {isa = PBXBuildFile; fileRef = 41278D601AA12E460073F9FE /* MOSSetCarryFlagOperation.m */; };
		41278D621AA12E460073F9FE /* MOSSetCarryFlagOperation.m in Sources */ = {isa = PBXBuildFile; fileRef = 41278D601AA12E460073F9FE /* MOSSetCarryFlagOperation.m */; };
		41278D651AA12F140073F9FE /* MOSStatusRegister.m in Sources */ = {isa = PBXBuildFile; fileRef = 41278D641AA12F140073F9FE /* MOSStatusRegister.m */; };
		41278D661AA12F140073F9FE /* MOSStatusRegister.m in Sources */ = {isa = PBXBuildFile; fileRef = 41278D641AA12F140073F9FE /* MOSStatusRegister.m */; };
		41278D6D1AA133290073F9FE /* MOSCPU.m in Sources */ = {isa = PBXBuildFile; fileRef = 41278D6C1AA133290073F9FE /* MOSCPU.m */; };
		41278D6E1AA133290073F9FE /* MOSCPU.m in Sources */ = {isa = PBXBuildFile; fileRef = 41278D6C1AA133290073F9FE /* MOSCPU.m */; };
		41278D711AA134D20073F9FE /* MOSJumpOperation.m in Sources */ = {isa = PBXBuildFile; fileRef = 41278D701AA134D20073F9FE /* MOSJumpOperation.m */; };
		41278D721AA134D20073F9FE /* MOSJumpOperation.m in Sources */ = {isa = PBXBuildFile; fileRef = 41278D701AA134D20073F9FE /* MOSJumpOperation.m */; };
		41278D751AA137CB0073F9FE /* MOSCPUTests.m in Sources */ = {isa = PBXBuildFile; fileRef = 41278D741AA137CB0073F9FE /* MOSCPUTests.m */; };
		41278D791AA139DD0073F9FE /* MOSFakeDataStream.m in Sources */ = {isa = PBXBuildFile; fileRef = 41278D771AA139DD0073F9FE /* MOSFakeDataStream.m */; };
		41278D7C1AA13E460073F9FE /* MOSLoadRegisterXOperation.m in Sources */ = {isa = PBXBuildFile; fileRef = 41278D7B1AA13E460073F9FE /* MOSLoadRegisterXOperation.m */; };
		41278D7D1AA13E460073F9FE /* MOSLoadRegisterXOperation.m in Sources */ = {isa = PBXBuildFile; fileRef = 41278D7B1AA13E460073F9FE /* MOSLoadRegisterXOperation.m */; };
		41278D831AA147540073F9FE /* MOSRegisterValues.m in Sources */ = {isa = PBXBuildFile; fileRef = 41278D821AA147540073F9FE /* MOSRegisterValues.m */; };
		41278D841AA147540073F9FE /* MOSRegisterValues.m in Sources */ = {isa = PBXBuildFile; fileRef = 41278D821AA147540073F9FE /* MOSRegisterValues.m */; };
		41278D871AA14AB40073F9FE /* MOSCompareOperation.m in Sources */ = {isa = PBXBuildFile; fileRef = 41278D861AA14AB40073F9FE /* MOSCompareOperation.m */; };
		41278D881AA14AB40073F9FE /* MOSCompareOperation.m in Sources */ = {isa = PBXBuildFile; fileRef = 41278D861AA14AB40073F9FE /* MOSCompareOperation.m */; };
		41278D8A1AA1B4B70073F9FE /* MOSOperation.m in Sources */ = {isa = PBXBuildFile; fileRef = 41278D891AA1B4B70073F9FE /* MOSOperation.m */; };
		41278D8B1AA1B4B70073F9FE /* MOSOperation.m in Sources */ = {isa = PBXBuildFile; fileRef = 41278D891AA1B4B70073F9FE /* MOSOperation.m */; };
		41278D901AA3F0670073F9FE /* MOSIncrementRegisterOperation.m in Sources */ = {isa = PBXBuildFile; fileRef = 41278D8F1AA3F0670073F9FE /* MOSIncrementRegisterOperation.m */; };
		41278D911AA3F0670073F9FE /* MOSIncrementRegisterOperation.m in Sources */ = {isa = PBXBuildFile; fileRef = 41278D8F1AA3F0670073F9FE /* MOSIncrementRegisterOperation.m */; };
		41278D931AA3F4780073F9FE /* MOSIncrementRegisterTests.m in Sources */ = {isa = PBXBuildFile; fileRef = 41278D921AA3F4780073F9FE /* MOSIncrementRegisterTests.m */; };
		41278D961AA3F75D0073F9FE /* MOSBranchOnResultNotZeroOperation.m in Sources */ = {isa = PBXBuildFile; fileRef = 41278D951AA3F75D0073F9FE /* MOSBranchOnResultNotZeroOperation.m */; };
		41278D971AA3F75D0073F9FE /* MOSBranchOnResultNotZeroOperation.m in Sources */ = {isa = PBXBuildFile; fileRef = 41278D951AA3F75D0073F9FE /* MOSBranchOnResultNotZeroOperation.m */; };
		41278D991AA3F7BF0073F9FE /* MOSBranchNotZeroTests.m in Sources */ = {isa = PBXBuildFile; fileRef = 41278D981AA3F7BF0073F9FE /* MOSBranchNotZeroTests.m */; };
		41278D9C1AA3FA6F0073F9FE /* MOSReturnFromSubroutineOperation.m in Sources */ = {isa = PBXBuildFile; fileRef = 41278D9B1AA3FA6F0073F9FE /* MOSReturnFromSubroutineOperation.m */; };
		41278D9D1AA3FA6F0073F9FE /* MOSReturnFromSubroutineOperation.m in Sources */ = {isa = PBXBuildFile; fileRef = 41278D9B1AA3FA6F0073F9FE /* MOSReturnFromSubroutineOperation.m */; };
		41278D9F1AA405420073F9FE /* MOSCompareOperationTests.m in Sources */ = {isa = PBXBuildFile; fileRef = 41278D9E1AA405420073F9FE /* MOSCompareOperationTests.m */; };
		41278DA21AA5AF3F0073F9FE /* MOSJumpToSubroutineOperation.m in Sources */ = {isa = PBXBuildFile; fileRef = 41278DA11AA5AF3F0073F9FE /* MOSJumpToSubroutineOperation.m */; };
		41278DA31AA5AF3F0073F9FE /* MOSJumpToSubroutineOperation.m in Sources */ = {isa = PBXBuildFile; fileRef = 41278DA11AA5AF3F0073F9FE /* MOSJumpToSubroutineOperation.m */; };
		41278DA61AA5BBA00073F9FE /* MOSUtils.m in Sources */ = {isa = PBXBuildFile; fileRef = 41278DA51AA5BBA00073F9FE /* MOSUtils.m */; };
		41278DA71AA5BBA00073F9FE /* MOSUtils.m in Sources */ = {isa = PBXBuildFile; fileRef = 41278DA51AA5BBA00073F9FE /* MOSUtils.m */; };
		419695671A9FA46800787278 /* main.m in Sources */ = {isa = PBXBuildFile; fileRef = 419695661A9FA46800787278 /* main.m */; };
		419695781A9FA55E00787278 /* MOSInstructionDecoderTests.m in Sources */ = {isa = PBXBuildFile; fileRef = 419695771A9FA55E00787278 /* MOSInstructionDecoderTests.m */; };
		41C8D37D1AA8375000DAC0F3 /* MOSTransferXToStackPointerOperation.m in Sources */ = {isa = PBXBuildFile; fileRef = 41C8D37C1AA8375000DAC0F3 /* MOSTransferXToStackPointerOperation.m */; };
		41C8D37E1AA8375800DAC0F3 /* MOSTransferXToStackPointerOperation.m in Sources */ = {isa = PBXBuildFile; fileRef = 41C8D37C1AA8375000DAC0F3 /* MOSTransferXToStackPointerOperation.m */; };
		41FE82D61AA69EC500CA4BE4 /* MOSForceBreakOperation.m in Sources */ = {isa = PBXBuildFile; fileRef = 41FE82D51AA69EC500CA4BE4 /* MOSForceBreakOperation.m */; };
		41FE82D71AA69EC500CA4BE4 /* MOSForceBreakOperation.m in Sources */ = {isa = PBXBuildFile; fileRef = 41FE82D51AA69EC500CA4BE4 /* MOSForceBreakOperation.m */; };
		5AAC502CCC38FB549F4052EB /* MOSLoadAccumulatorTests.m in Sources */ = {isa = PBXBuildFile; fileRef = 5AAC5BF3BD51D05EF294EEE8 /* MOSLoadAccumulatorTests.m */; };
		5AAC504CFC6DE4DA3D825FB9 /* NESFile.m in Sources */ = {isa = PBXBuildFile; fileRef = 5AAC50F603904533E685B96A /* NESFile.m */; };
		5AAC50C626AB49EEE07C3A2E /* NESFile.m in Sources */ = {isa = PBXBuildFile; fileRef = 5AAC50F603904533E685B96A /* NESFile.m */; };
		5AAC50FC8312B9B5E3AF7753 /* NESBasicProgramTest.m in Sources */ = {isa = PBXBuildFile; fileRef = 5AAC5E9B1BFBCA9C13591299 /* NESBasicProgramTest.m */; };
		5AAC514A5979EF176C86DE1A /* MOSTransferAccumulatorToYOperation.m in Sources */ = {isa = PBXBuildFile; fileRef = 5AAC59E3E260B7723F3BABD2 /* MOSTransferAccumulatorToYOperation.m */; };
		5AAC51A777D38B2B675C6A6C /* MOSDecrementRegisterOperation.m in Sources */ = {isa = PBXBuildFile; fileRef = 5AAC50F5DEA40DFDFC4E3E6D /* MOSDecrementRegisterOperation.m */; };
		5AAC52CF78A20A47F2F4BC38 /* NESAddressSpace.m in Sources */ = {isa = PBXBuildFile; fileRef = 5AAC51A263226170F3BA3D1C /* NESAddressSpace.m */; };
		5AAC52E5EB9610DB64B106F5 /* MOSLoadRegisterYOperation.m in Sources */ = {isa = PBXBuildFile; fileRef = 5AAC56C481CC2F05FED12268 /* MOSLoadRegisterYOperation.m */; };
		5AAC52EB085A7B2D5D5FFF92 /* NESFileParserTests.m in Sources */ = {isa = PBXBuildFile; fileRef = 5AAC5DBEC2E7640930DB4B6A /* NESFileParserTests.m */; };
		5AAC52ED3EE0942DDCBAAE3F /* MOSLoadRegisterTests.m in Sources */ = {isa = PBXBuildFile; fileRef = 5AAC597108666D00F556E478 /* MOSLoadRegisterTests.m */; };
		5AAC53FDC37EB9E182186F35 /* NESNROMCartridge.m in Sources */ = {isa = PBXBuildFile; fileRef = 5AAC53AFB2EB5F3AAB3D50D4 /* NESNROMCartridge.m */; };
		5AAC540462D8155EA04A2E5B /* MOSClearDecimalModeOperation.m in Sources */ = {isa = PBXBuildFile; fileRef = 5AAC5EE8913E5CD87DE6BBB5 /* MOSClearDecimalModeOperation.m */; };
		5AAC543573764D44D45F4F97 /* MOSLoadAccumulatorOperation.m in Sources */ = {isa = PBXBuildFile; fileRef = 5AAC53B6610C080B44E2E1AE /* MOSLoadAccumulatorOperation.m */; };
		5AAC54C2D717F89A8F8E3849 /* MOSReadWriteMemory.m in Sources */ = {isa = PBXBuildFile; fileRef = 5AAC5E288BD6FD8A304DEBF0 /* MOSReadWriteMemory.m */; };
		5AAC54C6D7475C6D0C0018BA /* NESNROMCartridgeTest.m in Sources */ = {isa = PBXBuildFile; fileRef = 5AAC587B2D6495151FCFBB93 /* NESNROMCartridgeTest.m */; };
		5AAC55A292D26B484599252C /* MOSLoadRegisterYOperation.m in Sources */ = {isa = PBXBuildFile; fileRef = 5AAC56C481CC2F05FED12268 /* MOSLoadRegisterYOperation.m */; };
		5AAC5642326B0FD14F50A1A5 /* NESTestFile.m in Sources */ = {isa = PBXBuildFile; fileRef = 5AAC591EB4C60DA219B3F7EF /* NESTestFile.m */; };
		5AAC56A4AB3F8BCE1D6B333A /* MOSTransferAccumulatorToYOperation.m in Sources */ = {isa = PBXBuildFile; fileRef = 5AAC59E3E260B7723F3BABD2 /* MOSTransferAccumulatorToYOperation.m */; };
		5AAC57440C9A202FFF35877C /* MOSDecrementRegisterTests.m in Sources */ = {isa = PBXBuildFile; fileRef = 5AAC52FEE450481F2ED65114 /* MOSDecrementRegisterTests.m */; };
		5AAC57D8673460712B979AF0 /* MOSStoreAccumulatorOperation.m in Sources */ = {isa = PBXBuildFile; fileRef = 5AAC5910CE04412BCBDDF5FC /* MOSStoreAccumulatorOperation.m */; };
		5AAC57F837295349C993E9D7 /* MOSLoadAccumulatorOperation.m in Sources */ = {isa = PBXBuildFile; fileRef = 5AAC53B6610C080B44E2E1AE /* MOSLoadAccumulatorOperation.m */; };
		5AAC5869FEB10C1AAE8812A7 /* NESAddressBusTests.m in Sources */ = {isa = PBXBuildFile; fileRef = 5AAC59C51379C3D442209232 /* NESAddressBusTests.m */; };
		5AAC589DE3B9E21B732FD29A /* MOSStoreRegisterXOperation.m in Sources */ = {isa = PBXBuildFile; fileRef = 5AAC55FC8D7380D69B260400 /* MOSStoreRegisterXOperation.m */; };
		5AAC59459550154D8AED0366 /* MOSStoreAccumulatorOperation.m in Sources */ = {isa = PBXBuildFile; fileRef = 5AAC5910CE04412BCBDDF5FC /* MOSStoreAccumulatorOperation.m */; };
		5AAC59591D8D92CDD6FBDBA4 /* MOSStoreAccumulatorTests.m in Sources */ = {isa = PBXBuildFile; fileRef = 5AAC5859C6D78739F0891F01 /* MOSStoreAccumulatorTests.m */; };
		5AAC59614BAC20947C8A41DA /* NESFileParser.m in Sources */ = {isa = PBXBuildFile; fileRef = 5AAC55147A5FF325CCBE851F /* NESFileParser.m */; };
		5AAC597CBD4AD1CF21D0B784 /* MOSStoreXTests.m in Sources */ = {isa = PBXBuildFile; fileRef = 5AAC5D24C1FD55014E548FE5 /* MOSStoreXTests.m */; };
		5AAC59A9C4E4F83B745A7C4A /* MOSLoadRegisterOperation.m in Sources */ = {isa = PBXBuildFile; fileRef = 5AAC5AB614CD5473D1B92170 /* MOSLoadRegisterOperation.m */; };
		5AAC59B25CD1549FE188DC3D /* MOSSetInterruptDisableOperation.m in Sources */ = {isa = PBXBuildFile; fileRef = 5AAC5A8E00F96401D3A5023C /* MOSSetInterruptDisableOperation.m */; };
		5AAC5A63EA9AA34942D114EF /* MOSDecrementRegisterOperation.m in Sources */ = {isa = PBXBuildFile; fileRef = 5AAC50F5DEA40DFDFC4E3E6D /* MOSDecrementRegisterOperation.m */; };
		5AAC5A90BF806B093BD67B87 /* NESNROMCartridge.m in Sources */ = {isa = PBXBuildFile; fileRef = 5AAC53AFB2EB5F3AAB3D50D4 /* NESNROMCartridge.m */; };
		5AAC5A9468947B23D58D70C8 /* NESAddressSpace.m in Sources */ = {isa = PBXBuildFile; fileRef = 5AAC51A263226170F3BA3D1C /* NESAddressSpace.m */; };
		5AAC5ABE8F02F6650830E927 /* MOSStoreRegisterXOperation.m in Sources */ = {isa = PBXBuildFile; fileRef = 5AAC55FC8D7380D69B260400 /* MOSStoreRegisterXOperation.m */; };
		5AAC5B2DE6E03D2479857A2B /* MOSSetInterruptDisableOperation.m in Sources */ = {isa = PBXBuildFile; fileRef = 5AAC5A8E00F96401D3A5023C /* MOSSetInterruptDisableOperation.m */; };
		5AAC5B363C747CEE1CB3D8AD /* NESFileParser.m in Sources */ = {isa = PBXBuildFile; fileRef = 5AAC55147A5FF325CCBE851F /* NESFileParser.m */; };
		5AAC5CAE047DA5F42B17E7D3 /* MOSClearDecimalModeOperation.m in Sources */ = {isa = PBXBuildFile; fileRef = 5AAC5EE8913E5CD87DE6BBB5 /* MOSClearDecimalModeOperation.m */; };
		5AAC5F9C8B7B4149D4356C78 /* MOSLoadRegisterOperation.m in Sources */ = {isa = PBXBuildFile; fileRef = 5AAC5AB614CD5473D1B92170 /* MOSLoadRegisterOperation.m */; };
		5AAC5FB78675B5D45AF03F09 /* MOSReadWriteMemory.m in Sources */ = {isa = PBXBuildFile; fileRef = 5AAC5E288BD6FD8A304DEBF0 /* MOSReadWriteMemory.m */; };
/* End PBXBuildFile section */

/* Begin PBXCopyFilesBuildPhase section */
		419695611A9FA46800787278 /* CopyFiles */ = {
			isa = PBXCopyFilesBuildPhase;
			buildActionMask = 2147483647;
			dstPath = /usr/share/man/man1/;
			dstSubfolderSpec = 0;
			files = (
			);
			runOnlyForDeploymentPostprocessing = 1;
		};
/* End PBXCopyFilesBuildPhase section */

/* Begin PBXFileReference section */
		41278D431A9FE57C0073F9FE /* MOSInstructionDecoder.h */ = {isa = PBXFileReference; fileEncoding = 4; lastKnownFileType = sourcecode.c.h; path = MOSInstructionDecoder.h; sourceTree = "<group>"; };
		41278D441A9FE57C0073F9FE /* MOSInstructionDecoder.m */ = {isa = PBXFileReference; fileEncoding = 4; lastKnownFileType = sourcecode.c.objc; path = MOSInstructionDecoder.m; sourceTree = "<group>"; };
		41278D541AA12C850073F9FE /* MOSOperationTests.m */ = {isa = PBXFileReference; fileEncoding = 4; lastKnownFileType = sourcecode.c.objc; path = MOSOperationTests.m; sourceTree = "<group>"; };
		41278D561AA12D110073F9FE /* MOSClearCarryFlagOperation.h */ = {isa = PBXFileReference; fileEncoding = 4; lastKnownFileType = sourcecode.c.h; path = MOSClearCarryFlagOperation.h; sourceTree = "<group>"; };
		41278D571AA12D110073F9FE /* MOSClearCarryFlagOperation.m */ = {isa = PBXFileReference; fileEncoding = 4; lastKnownFileType = sourcecode.c.objc; path = MOSClearCarryFlagOperation.m; sourceTree = "<group>"; };
		41278D5F1AA12E460073F9FE /* MOSSetCarryFlagOperation.h */ = {isa = PBXFileReference; fileEncoding = 4; lastKnownFileType = sourcecode.c.h; path = MOSSetCarryFlagOperation.h; sourceTree = "<group>"; };
		41278D601AA12E460073F9FE /* MOSSetCarryFlagOperation.m */ = {isa = PBXFileReference; fileEncoding = 4; lastKnownFileType = sourcecode.c.objc; path = MOSSetCarryFlagOperation.m; sourceTree = "<group>"; };
		41278D631AA12F140073F9FE /* MOSStatusRegister.h */ = {isa = PBXFileReference; fileEncoding = 4; lastKnownFileType = sourcecode.c.h; path = MOSStatusRegister.h; sourceTree = "<group>"; };
		41278D641AA12F140073F9FE /* MOSStatusRegister.m */ = {isa = PBXFileReference; fileEncoding = 4; lastKnownFileType = sourcecode.c.objc; path = MOSStatusRegister.m; sourceTree = "<group>"; };
		41278D671AA130C50073F9FE /* MOSOperation.h */ = {isa = PBXFileReference; fileEncoding = 4; lastKnownFileType = sourcecode.c.h; path = MOSOperation.h; sourceTree = "<group>"; };
		41278D6B1AA133290073F9FE /* MOSCPU.h */ = {isa = PBXFileReference; fileEncoding = 4; lastKnownFileType = sourcecode.c.h; path = MOSCPU.h; sourceTree = "<group>"; };
		41278D6C1AA133290073F9FE /* MOSCPU.m */ = {isa = PBXFileReference; fileEncoding = 4; lastKnownFileType = sourcecode.c.objc; path = MOSCPU.m; sourceTree = "<group>"; };
		41278D6F1AA134D20073F9FE /* MOSJumpOperation.h */ = {isa = PBXFileReference; fileEncoding = 4; lastKnownFileType = sourcecode.c.h; path = MOSJumpOperation.h; sourceTree = "<group>"; };
		41278D701AA134D20073F9FE /* MOSJumpOperation.m */ = {isa = PBXFileReference; fileEncoding = 4; lastKnownFileType = sourcecode.c.objc; path = MOSJumpOperation.m; sourceTree = "<group>"; };
		41278D731AA135480073F9FE /* MOSTypes.h */ = {isa = PBXFileReference; lastKnownFileType = sourcecode.c.h; path = MOSTypes.h; sourceTree = "<group>"; };
		41278D741AA137CB0073F9FE /* MOSCPUTests.m */ = {isa = PBXFileReference; fileEncoding = 4; lastKnownFileType = sourcecode.c.objc; path = MOSCPUTests.m; sourceTree = "<group>"; };
		41278D761AA138C30073F9FE /* MOSFakeDataStream.h */ = {isa = PBXFileReference; lastKnownFileType = sourcecode.c.h; path = MOSFakeDataStream.h; sourceTree = "<group>"; };
		41278D771AA139DD0073F9FE /* MOSFakeDataStream.m */ = {isa = PBXFileReference; fileEncoding = 4; lastKnownFileType = sourcecode.c.objc; path = MOSFakeDataStream.m; sourceTree = "<group>"; };
		41278D7A1AA13E460073F9FE /* MOSLoadRegisterXOperation.h */ = {isa = PBXFileReference; fileEncoding = 4; lastKnownFileType = sourcecode.c.h; path = MOSLoadRegisterXOperation.h; sourceTree = "<group>"; };
		41278D7B1AA13E460073F9FE /* MOSLoadRegisterXOperation.m */ = {isa = PBXFileReference; fileEncoding = 4; lastKnownFileType = sourcecode.c.objc; path = MOSLoadRegisterXOperation.m; sourceTree = "<group>"; };
		41278D811AA147540073F9FE /* MOSRegisterValues.h */ = {isa = PBXFileReference; fileEncoding = 4; lastKnownFileType = sourcecode.c.h; path = MOSRegisterValues.h; sourceTree = "<group>"; };
		41278D821AA147540073F9FE /* MOSRegisterValues.m */ = {isa = PBXFileReference; fileEncoding = 4; lastKnownFileType = sourcecode.c.objc; path = MOSRegisterValues.m; sourceTree = "<group>"; };
		41278D851AA14AB40073F9FE /* MOSCompareOperation.h */ = {isa = PBXFileReference; fileEncoding = 4; lastKnownFileType = sourcecode.c.h; path = MOSCompareOperation.h; sourceTree = "<group>"; };
		41278D861AA14AB40073F9FE /* MOSCompareOperation.m */ = {isa = PBXFileReference; fileEncoding = 4; lastKnownFileType = sourcecode.c.objc; path = MOSCompareOperation.m; sourceTree = "<group>"; };
		41278D891AA1B4B70073F9FE /* MOSOperation.m */ = {isa = PBXFileReference; fileEncoding = 4; lastKnownFileType = sourcecode.c.objc; path = MOSOperation.m; sourceTree = "<group>"; };
		41278D8E1AA3F0670073F9FE /* MOSIncrementRegisterOperation.h */ = {isa = PBXFileReference; fileEncoding = 4; lastKnownFileType = sourcecode.c.h; path = MOSIncrementRegisterOperation.h; sourceTree = "<group>"; };
		41278D8F1AA3F0670073F9FE /* MOSIncrementRegisterOperation.m */ = {isa = PBXFileReference; fileEncoding = 4; lastKnownFileType = sourcecode.c.objc; path = MOSIncrementRegisterOperation.m; sourceTree = "<group>"; };
		41278D921AA3F4780073F9FE /* MOSIncrementRegisterTests.m */ = {isa = PBXFileReference; fileEncoding = 4; lastKnownFileType = sourcecode.c.objc; path = MOSIncrementRegisterTests.m; sourceTree = "<group>"; };
		41278D941AA3F75D0073F9FE /* MOSBranchOnResultNotZeroOperation.h */ = {isa = PBXFileReference; fileEncoding = 4; lastKnownFileType = sourcecode.c.h; path = MOSBranchOnResultNotZeroOperation.h; sourceTree = "<group>"; };
		41278D951AA3F75D0073F9FE /* MOSBranchOnResultNotZeroOperation.m */ = {isa = PBXFileReference; fileEncoding = 4; lastKnownFileType = sourcecode.c.objc; path = MOSBranchOnResultNotZeroOperation.m; sourceTree = "<group>"; };
		41278D981AA3F7BF0073F9FE /* MOSBranchNotZeroTests.m */ = {isa = PBXFileReference; fileEncoding = 4; lastKnownFileType = sourcecode.c.objc; path = MOSBranchNotZeroTests.m; sourceTree = "<group>"; };
		41278D9A1AA3FA6F0073F9FE /* MOSReturnFromSubroutineOperation.h */ = {isa = PBXFileReference; fileEncoding = 4; lastKnownFileType = sourcecode.c.h; path = MOSReturnFromSubroutineOperation.h; sourceTree = "<group>"; };
		41278D9B1AA3FA6F0073F9FE /* MOSReturnFromSubroutineOperation.m */ = {isa = PBXFileReference; fileEncoding = 4; lastKnownFileType = sourcecode.c.objc; path = MOSReturnFromSubroutineOperation.m; sourceTree = "<group>"; };
		41278D9E1AA405420073F9FE /* MOSCompareOperationTests.m */ = {isa = PBXFileReference; fileEncoding = 4; lastKnownFileType = sourcecode.c.objc; path = MOSCompareOperationTests.m; sourceTree = "<group>"; };
		41278DA01AA5AF3F0073F9FE /* MOSJumpToSubroutineOperation.h */ = {isa = PBXFileReference; fileEncoding = 4; lastKnownFileType = sourcecode.c.h; path = MOSJumpToSubroutineOperation.h; sourceTree = "<group>"; };
		41278DA11AA5AF3F0073F9FE /* MOSJumpToSubroutineOperation.m */ = {isa = PBXFileReference; fileEncoding = 4; lastKnownFileType = sourcecode.c.objc; path = MOSJumpToSubroutineOperation.m; sourceTree = "<group>"; };
		41278DA41AA5BB320073F9FE /* MOSUtils.h */ = {isa = PBXFileReference; lastKnownFileType = sourcecode.c.h; path = MOSUtils.h; sourceTree = "<group>"; };
		41278DA51AA5BBA00073F9FE /* MOSUtils.m */ = {isa = PBXFileReference; fileEncoding = 4; lastKnownFileType = sourcecode.c.objc; path = MOSUtils.m; sourceTree = "<group>"; };
		419695631A9FA46800787278 /* MOSSim */ = {isa = PBXFileReference; explicitFileType = "compiled.mach-o.executable"; includeInIndex = 0; path = MOSSim; sourceTree = BUILT_PRODUCTS_DIR; };
		419695661A9FA46800787278 /* main.m */ = {isa = PBXFileReference; lastKnownFileType = sourcecode.c.objc; path = main.m; sourceTree = "<group>"; };
		419695731A9FA55E00787278 /* MOSSimTests.xctest */ = {isa = PBXFileReference; explicitFileType = wrapper.cfbundle; includeInIndex = 0; path = MOSSimTests.xctest; sourceTree = BUILT_PRODUCTS_DIR; };
		419695761A9FA55E00787278 /* Info.plist */ = {isa = PBXFileReference; lastKnownFileType = text.plist.xml; path = Info.plist; sourceTree = "<group>"; };
		419695771A9FA55E00787278 /* MOSInstructionDecoderTests.m */ = {isa = PBXFileReference; lastKnownFileType = sourcecode.c.objc; lineEnding = 0; path = MOSInstructionDecoderTests.m; sourceTree = "<group>"; xcLanguageSpecificationIdentifier = xcode.lang.objc; };
		41C8D37B1AA8375000DAC0F3 /* MOSTransferXToStackPointerOperation.h */ = {isa = PBXFileReference; fileEncoding = 4; lastKnownFileType = sourcecode.c.h; path = MOSTransferXToStackPointerOperation.h; sourceTree = "<group>"; };
		41C8D37C1AA8375000DAC0F3 /* MOSTransferXToStackPointerOperation.m */ = {isa = PBXFileReference; fileEncoding = 4; lastKnownFileType = sourcecode.c.objc; path = MOSTransferXToStackPointerOperation.m; sourceTree = "<group>"; };
		41FE82D41AA69EC500CA4BE4 /* MOSForceBreakOperation.h */ = {isa = PBXFileReference; fileEncoding = 4; lastKnownFileType = sourcecode.c.h; path = MOSForceBreakOperation.h; sourceTree = "<group>"; };
		41FE82D51AA69EC500CA4BE4 /* MOSForceBreakOperation.m */ = {isa = PBXFileReference; fileEncoding = 4; lastKnownFileType = sourcecode.c.objc; path = MOSForceBreakOperation.m; sourceTree = "<group>"; };
		5AAC50F5DEA40DFDFC4E3E6D /* MOSDecrementRegisterOperation.m */ = {isa = PBXFileReference; fileEncoding = 4; lastKnownFileType = sourcecode.c.objc; path = MOSDecrementRegisterOperation.m; sourceTree = "<group>"; };
		5AAC50F603904533E685B96A /* NESFile.m */ = {isa = PBXFileReference; fileEncoding = 4; lastKnownFileType = sourcecode.c.objc; path = NESFile.m; sourceTree = "<group>"; };
		5AAC50F9BAEF2560C8763100 /* NESFile.h */ = {isa = PBXFileReference; fileEncoding = 4; lastKnownFileType = sourcecode.c.h; path = NESFile.h; sourceTree = "<group>"; };
		5AAC51A263226170F3BA3D1C /* NESAddressSpace.m */ = {isa = PBXFileReference; fileEncoding = 4; lastKnownFileType = sourcecode.c.objc; path = NESAddressSpace.m; sourceTree = "<group>"; };
		5AAC52FEE450481F2ED65114 /* MOSDecrementRegisterTests.m */ = {isa = PBXFileReference; fileEncoding = 4; lastKnownFileType = sourcecode.c.objc; path = MOSDecrementRegisterTests.m; sourceTree = "<group>"; };
		5AAC537846216497E63BBC99 /* MOSStoreAccumulatorOperation.h */ = {isa = PBXFileReference; fileEncoding = 4; lastKnownFileType = sourcecode.c.h; path = MOSStoreAccumulatorOperation.h; sourceTree = "<group>"; };
		5AAC53AFB2EB5F3AAB3D50D4 /* NESNROMCartridge.m */ = {isa = PBXFileReference; fileEncoding = 4; lastKnownFileType = sourcecode.c.objc; name = NESNROMCartridge.m; path = MOSSim/NES/NESNROMCartridge.m; sourceTree = SOURCE_ROOT; };
		5AAC53B6610C080B44E2E1AE /* MOSLoadAccumulatorOperation.m */ = {isa = PBXFileReference; fileEncoding = 4; lastKnownFileType = sourcecode.c.objc; path = MOSLoadAccumulatorOperation.m; sourceTree = "<group>"; };
		5AAC5479B47ACFDBEC00D7B3 /* MOSSetInterruptDisableOperation.h */ = {isa = PBXFileReference; fileEncoding = 4; lastKnownFileType = sourcecode.c.h; path = MOSSetInterruptDisableOperation.h; sourceTree = "<group>"; };
		5AAC55147A5FF325CCBE851F /* NESFileParser.m */ = {isa = PBXFileReference; fileEncoding = 4; lastKnownFileType = sourcecode.c.objc; path = NESFileParser.m; sourceTree = "<group>"; };
		5AAC55FC8D7380D69B260400 /* MOSStoreRegisterXOperation.m */ = {isa = PBXFileReference; fileEncoding = 4; lastKnownFileType = sourcecode.c.objc; path = MOSStoreRegisterXOperation.m; sourceTree = "<group>"; };
		5AAC56C481CC2F05FED12268 /* MOSLoadRegisterYOperation.m */ = {isa = PBXFileReference; fileEncoding = 4; lastKnownFileType = sourcecode.c.objc; path = MOSLoadRegisterYOperation.m; sourceTree = "<group>"; };
		5AAC56EBB4A837C3B66BD02D /* NESAddressSpace.h */ = {isa = PBXFileReference; fileEncoding = 4; lastKnownFileType = sourcecode.c.h; path = NESAddressSpace.h; sourceTree = "<group>"; };
		5AAC56F66A9D974BBC0907B4 /* MOSClearDecimalModeOperation.h */ = {isa = PBXFileReference; fileEncoding = 4; lastKnownFileType = sourcecode.c.h; path = MOSClearDecimalModeOperation.h; sourceTree = "<group>"; };
		5AAC57545815DDE81AC96914 /* MOSLoadAccumulatorOperation.h */ = {isa = PBXFileReference; fileEncoding = 4; lastKnownFileType = sourcecode.c.h; path = MOSLoadAccumulatorOperation.h; sourceTree = "<group>"; };
		5AAC5859C6D78739F0891F01 /* MOSStoreAccumulatorTests.m */ = {isa = PBXFileReference; fileEncoding = 4; lastKnownFileType = sourcecode.c.objc; path = MOSStoreAccumulatorTests.m; sourceTree = "<group>"; };
		5AAC587B2D6495151FCFBB93 /* NESNROMCartridgeTest.m */ = {isa = PBXFileReference; fileEncoding = 4; lastKnownFileType = sourcecode.c.objc; path = NESNROMCartridgeTest.m; sourceTree = "<group>"; };
		5AAC5896D5BF1DA78AC4E788 /* NESFileParser.h */ = {isa = PBXFileReference; fileEncoding = 4; lastKnownFileType = sourcecode.c.h; path = NESFileParser.h; sourceTree = "<group>"; };
		5AAC589F1BE6891CAE50358E /* MOSReadWriteMemory.h */ = {isa = PBXFileReference; fileEncoding = 4; lastKnownFileType = sourcecode.c.h; path = MOSReadWriteMemory.h; sourceTree = "<group>"; };
		5AAC5910CE04412BCBDDF5FC /* MOSStoreAccumulatorOperation.m */ = {isa = PBXFileReference; fileEncoding = 4; lastKnownFileType = sourcecode.c.objc; path = MOSStoreAccumulatorOperation.m; sourceTree = "<group>"; };
		5AAC591EB4C60DA219B3F7EF /* NESTestFile.m */ = {isa = PBXFileReference; fileEncoding = 4; lastKnownFileType = sourcecode.c.objc; path = NESTestFile.m; sourceTree = "<group>"; };
		5AAC597108666D00F556E478 /* MOSLoadRegisterTests.m */ = {isa = PBXFileReference; fileEncoding = 4; lastKnownFileType = sourcecode.c.objc; path = MOSLoadRegisterTests.m; sourceTree = "<group>"; };
		5AAC59C51379C3D442209232 /* NESAddressBusTests.m */ = {isa = PBXFileReference; fileEncoding = 4; lastKnownFileType = sourcecode.c.objc; path = NESAddressBusTests.m; sourceTree = "<group>"; };
		5AAC59E3E260B7723F3BABD2 /* MOSTransferAccumulatorToYOperation.m */ = {isa = PBXFileReference; fileEncoding = 4; lastKnownFileType = sourcecode.c.objc; path = MOSTransferAccumulatorToYOperation.m; sourceTree = "<group>"; };
		5AAC5A11A33A7D7433F1E53F /* MOSLoadRegisterOperation.h */ = {isa = PBXFileReference; fileEncoding = 4; lastKnownFileType = sourcecode.c.h; path = MOSLoadRegisterOperation.h; sourceTree = "<group>"; };
		5AAC5A24A6C8FB5CCBA2C49B /* MOSTransferAccumulatorToYOperation.h */ = {isa = PBXFileReference; fileEncoding = 4; lastKnownFileType = sourcecode.c.h; path = MOSTransferAccumulatorToYOperation.h; sourceTree = "<group>"; };
		5AAC5A8E00F96401D3A5023C /* MOSSetInterruptDisableOperation.m */ = {isa = PBXFileReference; fileEncoding = 4; lastKnownFileType = sourcecode.c.objc; path = MOSSetInterruptDisableOperation.m; sourceTree = "<group>"; };
		5AAC5AB614CD5473D1B92170 /* MOSLoadRegisterOperation.m */ = {isa = PBXFileReference; fileEncoding = 4; lastKnownFileType = sourcecode.c.objc; path = MOSLoadRegisterOperation.m; sourceTree = "<group>"; };
		5AAC5B29D1F34FD2CBE563FB /* MOSLoadRegisterYOperation.h */ = {isa = PBXFileReference; fileEncoding = 4; lastKnownFileType = sourcecode.c.h; path = MOSLoadRegisterYOperation.h; sourceTree = "<group>"; };
		5AAC5B51644CB3F2ECA0D712 /* MOSDevice.h */ = {isa = PBXFileReference; fileEncoding = 4; lastKnownFileType = sourcecode.c.h; path = MOSDevice.h; sourceTree = "<group>"; };
		5AAC5BF3BD51D05EF294EEE8 /* MOSLoadAccumulatorTests.m */ = {isa = PBXFileReference; fileEncoding = 4; lastKnownFileType = sourcecode.c.objc; path = MOSLoadAccumulatorTests.m; sourceTree = "<group>"; };
		5AAC5CE6B57D09EF3DEE15C1 /* MOSDecrementRegisterOperation.h */ = {isa = PBXFileReference; fileEncoding = 4; lastKnownFileType = sourcecode.c.h; path = MOSDecrementRegisterOperation.h; sourceTree = "<group>"; };
		5AAC5D24C1FD55014E548FE5 /* MOSStoreXTests.m */ = {isa = PBXFileReference; fileEncoding = 4; lastKnownFileType = sourcecode.c.objc; path = MOSStoreXTests.m; sourceTree = "<group>"; };
		5AAC5DBEC2E7640930DB4B6A /* NESFileParserTests.m */ = {isa = PBXFileReference; fileEncoding = 4; lastKnownFileType = sourcecode.c.objc; path = NESFileParserTests.m; sourceTree = "<group>"; };
		5AAC5E288BD6FD8A304DEBF0 /* MOSReadWriteMemory.m */ = {isa = PBXFileReference; fileEncoding = 4; lastKnownFileType = sourcecode.c.objc; path = MOSReadWriteMemory.m; sourceTree = "<group>"; };
		5AAC5E43AF6237D2A9884B3B /* NESTestFile.h */ = {isa = PBXFileReference; fileEncoding = 4; lastKnownFileType = sourcecode.c.h; path = NESTestFile.h; sourceTree = "<group>"; };
		5AAC5E9B1BFBCA9C13591299 /* NESBasicProgramTest.m */ = {isa = PBXFileReference; fileEncoding = 4; lastKnownFileType = sourcecode.c.objc; path = NESBasicProgramTest.m; sourceTree = "<group>"; };
		5AAC5EE8913E5CD87DE6BBB5 /* MOSClearDecimalModeOperation.m */ = {isa = PBXFileReference; fileEncoding = 4; lastKnownFileType = sourcecode.c.objc; path = MOSClearDecimalModeOperation.m; sourceTree = "<group>"; };
		5AAC5F96974C7C9BFA41C8B5 /* MOSStoreRegisterXOperation.h */ = {isa = PBXFileReference; fileEncoding = 4; lastKnownFileType = sourcecode.c.h; path = MOSStoreRegisterXOperation.h; sourceTree = "<group>"; };
		5AAC5FCC990589CCB09E1C9F /* NESNROMCartridge.h */ = {isa = PBXFileReference; fileEncoding = 4; lastKnownFileType = sourcecode.c.h; name = NESNROMCartridge.h; path = MOSSim/NES/NESNROMCartridge.h; sourceTree = SOURCE_ROOT; };
/* End PBXFileReference section */

/* Begin PBXFrameworksBuildPhase section */
		419695601A9FA46800787278 /* Frameworks */ = {
			isa = PBXFrameworksBuildPhase;
			buildActionMask = 2147483647;
			files = (
			);
			runOnlyForDeploymentPostprocessing = 0;
		};
		419695701A9FA55E00787278 /* Frameworks */ = {
			isa = PBXFrameworksBuildPhase;
			buildActionMask = 2147483647;
			files = (
			);
			runOnlyForDeploymentPostprocessing = 0;
		};
/* End PBXFrameworksBuildPhase section */

/* Begin PBXGroup section */
		41278D5A1AA12D160073F9FE /* Operations */ = {
			isa = PBXGroup;
			children = (
				41278D561AA12D110073F9FE /* MOSClearCarryFlagOperation.h */,
				41278D571AA12D110073F9FE /* MOSClearCarryFlagOperation.m */,
				41278D5F1AA12E460073F9FE /* MOSSetCarryFlagOperation.h */,
				41278D601AA12E460073F9FE /* MOSSetCarryFlagOperation.m */,
				41278D6F1AA134D20073F9FE /* MOSJumpOperation.h */,
				41278D701AA134D20073F9FE /* MOSJumpOperation.m */,
				41278D7A1AA13E460073F9FE /* MOSLoadRegisterXOperation.h */,
				41278D7B1AA13E460073F9FE /* MOSLoadRegisterXOperation.m */,
				41278D851AA14AB40073F9FE /* MOSCompareOperation.h */,
				41278D861AA14AB40073F9FE /* MOSCompareOperation.m */,
				41278D8E1AA3F0670073F9FE /* MOSIncrementRegisterOperation.h */,
				41278D8F1AA3F0670073F9FE /* MOSIncrementRegisterOperation.m */,
				41278D941AA3F75D0073F9FE /* MOSBranchOnResultNotZeroOperation.h */,
				41278D951AA3F75D0073F9FE /* MOSBranchOnResultNotZeroOperation.m */,
				41278D9A1AA3FA6F0073F9FE /* MOSReturnFromSubroutineOperation.h */,
				41278D9B1AA3FA6F0073F9FE /* MOSReturnFromSubroutineOperation.m */,
				41278DA01AA5AF3F0073F9FE /* MOSJumpToSubroutineOperation.h */,
				41278DA11AA5AF3F0073F9FE /* MOSJumpToSubroutineOperation.m */,
				41FE82D41AA69EC500CA4BE4 /* MOSForceBreakOperation.h */,
				41FE82D51AA69EC500CA4BE4 /* MOSForceBreakOperation.m */,
				41C8D37B1AA8375000DAC0F3 /* MOSTransferXToStackPointerOperation.h */,
				41C8D37C1AA8375000DAC0F3 /* MOSTransferXToStackPointerOperation.m */,
				5AAC57545815DDE81AC96914 /* MOSLoadAccumulatorOperation.h */,
				5AAC53B6610C080B44E2E1AE /* MOSLoadAccumulatorOperation.m */,
				5AAC50F5DEA40DFDFC4E3E6D /* MOSDecrementRegisterOperation.m */,
				5AAC5CE6B57D09EF3DEE15C1 /* MOSDecrementRegisterOperation.h */,
				5AAC5AB614CD5473D1B92170 /* MOSLoadRegisterOperation.m */,
				5AAC5A11A33A7D7433F1E53F /* MOSLoadRegisterOperation.h */,
				5AAC5B29D1F34FD2CBE563FB /* MOSLoadRegisterYOperation.h */,
				5AAC56C481CC2F05FED12268 /* MOSLoadRegisterYOperation.m */,
				5AAC5910CE04412BCBDDF5FC /* MOSStoreAccumulatorOperation.m */,
				5AAC537846216497E63BBC99 /* MOSStoreAccumulatorOperation.h */,
				5AAC55FC8D7380D69B260400 /* MOSStoreRegisterXOperation.m */,
				5AAC5F96974C7C9BFA41C8B5 /* MOSStoreRegisterXOperation.h */,
				5AAC56F66A9D974BBC0907B4 /* MOSClearDecimalModeOperation.h */,
				5AAC5EE8913E5CD87DE6BBB5 /* MOSClearDecimalModeOperation.m */,
				5AAC5479B47ACFDBEC00D7B3 /* MOSSetInterruptDisableOperation.h */,
				5AAC5A8E00F96401D3A5023C /* MOSSetInterruptDisableOperation.m */,
				5AAC59E3E260B7723F3BABD2 /* MOSTransferAccumulatorToYOperation.m */,
				5AAC5A24A6C8FB5CCBA2C49B /* MOSTransferAccumulatorToYOperation.h */,
			);
			name = Operations;
			sourceTree = "<group>";
		};
		4196955A1A9FA46800787278 = {
			isa = PBXGroup;
			children = (
				419695651A9FA46800787278 /* MOSSim */,
				419695741A9FA55E00787278 /* MOSSimTests */,
				419695641A9FA46800787278 /* Products */,
			);
			sourceTree = "<group>";
		};
		419695641A9FA46800787278 /* Products */ = {
			isa = PBXGroup;
			children = (
				419695631A9FA46800787278 /* MOSSim */,
				419695731A9FA55E00787278 /* MOSSimTests.xctest */,
			);
			name = Products;
			sourceTree = "<group>";
		};
		419695651A9FA46800787278 /* MOSSim */ = {
			isa = PBXGroup;
			children = (
				419695661A9FA46800787278 /* main.m */,
				41278D431A9FE57C0073F9FE /* MOSInstructionDecoder.h */,
				41278D441A9FE57C0073F9FE /* MOSInstructionDecoder.m */,
				41278D631AA12F140073F9FE /* MOSStatusRegister.h */,
				41278D641AA12F140073F9FE /* MOSStatusRegister.m */,
				41278D671AA130C50073F9FE /* MOSOperation.h */,
				41278D891AA1B4B70073F9FE /* MOSOperation.m */,
				41278D6B1AA133290073F9FE /* MOSCPU.h */,
				41278D6C1AA133290073F9FE /* MOSCPU.m */,
				41278D731AA135480073F9FE /* MOSTypes.h */,
				41278D811AA147540073F9FE /* MOSRegisterValues.h */,
				41278D821AA147540073F9FE /* MOSRegisterValues.m */,
				41278DA41AA5BB320073F9FE /* MOSUtils.h */,
				41278DA51AA5BBA00073F9FE /* MOSUtils.m */,
				41278D5A1AA12D160073F9FE /* Operations */,
				5AAC5E288BD6FD8A304DEBF0 /* MOSReadWriteMemory.m */,
				5AAC589F1BE6891CAE50358E /* MOSReadWriteMemory.h */,
				5AAC57A0166F260E0B5D1361 /* NES */,
				5AAC5B51644CB3F2ECA0D712 /* MOSDevice.h */,
			);
			path = MOSSim;
			sourceTree = "<group>";
		};
		419695741A9FA55E00787278 /* MOSSimTests */ = {
			isa = PBXGroup;
			children = (
				419695771A9FA55E00787278 /* MOSInstructionDecoderTests.m */,
				41278D541AA12C850073F9FE /* MOSOperationTests.m */,
				41278D741AA137CB0073F9FE /* MOSCPUTests.m */,
				41278D921AA3F4780073F9FE /* MOSIncrementRegisterTests.m */,
				41278D981AA3F7BF0073F9FE /* MOSBranchNotZeroTests.m */,
				419695751A9FA55E00787278 /* Supporting Files */,
				41278D9E1AA405420073F9FE /* MOSCompareOperationTests.m */,
				5AAC5BF3BD51D05EF294EEE8 /* MOSLoadAccumulatorTests.m */,
				5AAC52FEE450481F2ED65114 /* MOSDecrementRegisterTests.m */,
				5AAC597108666D00F556E478 /* MOSLoadRegisterTests.m */,
				5AAC5859C6D78739F0891F01 /* MOSStoreAccumulatorTests.m */,
				5AAC5D24C1FD55014E548FE5 /* MOSStoreXTests.m */,
				5AAC5CB264A2AD91598DDBC8 /* NES */,
			);
			path = MOSSimTests;
			sourceTree = "<group>";
		};
		419695751A9FA55E00787278 /* Supporting Files */ = {
			isa = PBXGroup;
			children = (
				419695761A9FA55E00787278 /* Info.plist */,
				41278D761AA138C30073F9FE /* MOSFakeDataStream.h */,
				41278D771AA139DD0073F9FE /* MOSFakeDataStream.m */,
			);
			name = "Supporting Files";
			sourceTree = "<group>";
		};
		5AAC57A0166F260E0B5D1361 /* NES */ = {
			isa = PBXGroup;
			children = (
				5AAC51A263226170F3BA3D1C /* NESAddressSpace.m */,
				5AAC56EBB4A837C3B66BD02D /* NESAddressSpace.h */,
				5AAC55147A5FF325CCBE851F /* NESFileParser.m */,
				5AAC5896D5BF1DA78AC4E788 /* NESFileParser.h */,
				5AAC50F603904533E685B96A /* NESFile.m */,
				5AAC50F9BAEF2560C8763100 /* NESFile.h */,
			);
			path = NES;
			sourceTree = "<group>";
		};
		5AAC5CB264A2AD91598DDBC8 /* NES */ = {
			isa = PBXGroup;
			children = (
				5AAC59C51379C3D442209232 /* NESAddressBusTests.m */,
				5AAC5DBEC2E7640930DB4B6A /* NESFileParserTests.m */,
				5AAC5D7F8E717687B9D04E2B /* Test Files */,
				5AAC5E9B1BFBCA9C13591299 /* NESBasicProgramTest.m */,
				5AAC587B2D6495151FCFBB93 /* NESNROMCartridgeTest.m */,
				5AAC53AFB2EB5F3AAB3D50D4 /* NESNROMCartridge.m */,
				5AAC5FCC990589CCB09E1C9F /* NESNROMCartridge.h */,
			);
			path = NES;
			sourceTree = "<group>";
		};
		5AAC5D7F8E717687B9D04E2B /* Test Files */ = {
			isa = PBXGroup;
			children = (
				5AAC5E43AF6237D2A9884B3B /* NESTestFile.h */,
				5AAC591EB4C60DA219B3F7EF /* NESTestFile.m */,
			);
			path = "Test Files";
			sourceTree = "<group>";
		};
/* End PBXGroup section */

/* Begin PBXNativeTarget section */
		419695621A9FA46800787278 /* MOSSim */ = {
			isa = PBXNativeTarget;
			buildConfigurationList = 4196956A1A9FA46800787278 /* Build configuration list for PBXNativeTarget "MOSSim" */;
			buildPhases = (
				4196955F1A9FA46800787278 /* Sources */,
				419695601A9FA46800787278 /* Frameworks */,
				419695611A9FA46800787278 /* CopyFiles */,
			);
			buildRules = (
			);
			dependencies = (
			);
			name = MOSSim;
			productName = MOSSim;
			productReference = 419695631A9FA46800787278 /* MOSSim */;
			productType = "com.apple.product-type.tool";
		};
		419695721A9FA55E00787278 /* MOSSimTests */ = {
			isa = PBXNativeTarget;
			buildConfigurationList = 419695791A9FA55E00787278 /* Build configuration list for PBXNativeTarget "MOSSimTests" */;
			buildPhases = (
				4196956F1A9FA55E00787278 /* Sources */,
				419695701A9FA55E00787278 /* Frameworks */,
				419695711A9FA55E00787278 /* Resources */,
			);
			buildRules = (
			);
			dependencies = (
			);
			name = MOSSimTests;
			productName = MOSSimTests;
			productReference = 419695731A9FA55E00787278 /* MOSSimTests.xctest */;
			productType = "com.apple.product-type.bundle.unit-test";
		};
/* End PBXNativeTarget section */

/* Begin PBXProject section */
		4196955B1A9FA46800787278 /* Project object */ = {
			isa = PBXProject;
			attributes = {
				LastUpgradeCheck = 0610;
				ORGANIZATIONNAME = "Carmen Wick";
				TargetAttributes = {
					419695621A9FA46800787278 = {
						CreatedOnToolsVersion = 6.1.1;
					};
					419695721A9FA55E00787278 = {
						CreatedOnToolsVersion = 6.1.1;
					};
				};
			};
			buildConfigurationList = 4196955E1A9FA46800787278 /* Build configuration list for PBXProject "MOSSim" */;
			compatibilityVersion = "Xcode 3.2";
			developmentRegion = English;
			hasScannedForEncodings = 0;
			knownRegions = (
				en,
			);
			mainGroup = 4196955A1A9FA46800787278;
			productRefGroup = 419695641A9FA46800787278 /* Products */;
			projectDirPath = "";
			projectRoot = "";
			targets = (
				419695621A9FA46800787278 /* MOSSim */,
				419695721A9FA55E00787278 /* MOSSimTests */,
			);
		};
/* End PBXProject section */

/* Begin PBXResourcesBuildPhase section */
		419695711A9FA55E00787278 /* Resources */ = {
			isa = PBXResourcesBuildPhase;
			buildActionMask = 2147483647;
			files = (
			);
			runOnlyForDeploymentPostprocessing = 0;
		};
/* End PBXResourcesBuildPhase section */

/* Begin PBXSourcesBuildPhase section */
		4196955F1A9FA46800787278 /* Sources */ = {
			isa = PBXSourcesBuildPhase;
			buildActionMask = 2147483647;
			files = (
				41278D8A1AA1B4B70073F9FE /* MOSOperation.m in Sources */,
				41278D7C1AA13E460073F9FE /* MOSLoadRegisterXOperation.m in Sources */,
				41278D711AA134D20073F9FE /* MOSJumpOperation.m in Sources */,
				41FE82D61AA69EC500CA4BE4 /* MOSForceBreakOperation.m in Sources */,
				41278DA21AA5AF3F0073F9FE /* MOSJumpToSubroutineOperation.m in Sources */,
				41278D9C1AA3FA6F0073F9FE /* MOSReturnFromSubroutineOperation.m in Sources */,
				41278DA61AA5BBA00073F9FE /* MOSUtils.m in Sources */,
				41C8D37D1AA8375000DAC0F3 /* MOSTransferXToStackPointerOperation.m in Sources */,
				41278D581AA12D110073F9FE /* MOSClearCarryFlagOperation.m in Sources */,
				419695671A9FA46800787278 /* main.m in Sources */,
				41278D6D1AA133290073F9FE /* MOSCPU.m in Sources */,
				41278D901AA3F0670073F9FE /* MOSIncrementRegisterOperation.m in Sources */,
				41278D961AA3F75D0073F9FE /* MOSBranchOnResultNotZeroOperation.m in Sources */,
				41278D651AA12F140073F9FE /* MOSStatusRegister.m in Sources */,
				41278D871AA14AB40073F9FE /* MOSCompareOperation.m in Sources */,
				41278D611AA12E460073F9FE /* MOSSetCarryFlagOperation.m in Sources */,
				41278D831AA147540073F9FE /* MOSRegisterValues.m in Sources */,
				41278D451A9FE57C0073F9FE /* MOSInstructionDecoder.m in Sources */,
				5AAC543573764D44D45F4F97 /* MOSLoadAccumulatorOperation.m in Sources */,
				5AAC51A777D38B2B675C6A6C /* MOSDecrementRegisterOperation.m in Sources */,
				5AAC59A9C4E4F83B745A7C4A /* MOSLoadRegisterOperation.m in Sources */,
				5AAC52E5EB9610DB64B106F5 /* MOSLoadRegisterYOperation.m in Sources */,
				5AAC59459550154D8AED0366 /* MOSStoreAccumulatorOperation.m in Sources */,
				5AAC589DE3B9E21B732FD29A /* MOSStoreRegisterXOperation.m in Sources */,
				5AAC54C2D717F89A8F8E3849 /* MOSReadWriteMemory.m in Sources */,
				5AAC5A9468947B23D58D70C8 /* NESAddressSpace.m in Sources */,
				5AAC59614BAC20947C8A41DA /* NESFileParser.m in Sources */,
				5AAC504CFC6DE4DA3D825FB9 /* NESFile.m in Sources */,
				5AAC53FDC37EB9E182186F35 /* NESNROMCartridge.m in Sources */,
				5AAC540462D8155EA04A2E5B /* MOSClearDecimalModeOperation.m in Sources */,
				5AAC5B2DE6E03D2479857A2B /* MOSSetInterruptDisableOperation.m in Sources */,
				5AAC514A5979EF176C86DE1A /* MOSTransferAccumulatorToYOperation.m in Sources */,
			);
			runOnlyForDeploymentPostprocessing = 0;
		};
		4196956F1A9FA55E00787278 /* Sources */ = {
			isa = PBXSourcesBuildPhase;
			buildActionMask = 2147483647;
			files = (
				41278D9D1AA3FA6F0073F9FE /* MOSReturnFromSubroutineOperation.m in Sources */,
				41278D911AA3F0670073F9FE /* MOSIncrementRegisterOperation.m in Sources */,
				41278D751AA137CB0073F9FE /* MOSCPUTests.m in Sources */,
				41278D931AA3F4780073F9FE /* MOSIncrementRegisterTests.m in Sources */,
				41278D621AA12E460073F9FE /* MOSSetCarryFlagOperation.m in Sources */,
				41278D841AA147540073F9FE /* MOSRegisterValues.m in Sources */,
				41278D551AA12C850073F9FE /* MOSOperationTests.m in Sources */,
				41C8D37E1AA8375800DAC0F3 /* MOSTransferXToStackPointerOperation.m in Sources */,
				41278DA71AA5BBA00073F9FE /* MOSUtils.m in Sources */,
				41278D9F1AA405420073F9FE /* MOSCompareOperationTests.m in Sources */,
				41278D6E1AA133290073F9FE /* MOSCPU.m in Sources */,
				41278DA31AA5AF3F0073F9FE /* MOSJumpToSubroutineOperation.m in Sources */,
				41278D791AA139DD0073F9FE /* MOSFakeDataStream.m in Sources */,
				41FE82D71AA69EC500CA4BE4 /* MOSForceBreakOperation.m in Sources */,
				41278D971AA3F75D0073F9FE /* MOSBranchOnResultNotZeroOperation.m in Sources */,
				41278D591AA12D110073F9FE /* MOSClearCarryFlagOperation.m in Sources */,
				41278D8B1AA1B4B70073F9FE /* MOSOperation.m in Sources */,
				419695781A9FA55E00787278 /* MOSInstructionDecoderTests.m in Sources */,
				41278D881AA14AB40073F9FE /* MOSCompareOperation.m in Sources */,
				41278D991AA3F7BF0073F9FE /* MOSBranchNotZeroTests.m in Sources */,
				41278D721AA134D20073F9FE /* MOSJumpOperation.m in Sources */,
				41278D661AA12F140073F9FE /* MOSStatusRegister.m in Sources */,
				41278D7D1AA13E460073F9FE /* MOSLoadRegisterXOperation.m in Sources */,
				41278D461A9FE5F40073F9FE /* MOSInstructionDecoder.m in Sources */,
				5AAC502CCC38FB549F4052EB /* MOSLoadAccumulatorTests.m in Sources */,
				5AAC57F837295349C993E9D7 /* MOSLoadAccumulatorOperation.m in Sources */,
				5AAC57440C9A202FFF35877C /* MOSDecrementRegisterTests.m in Sources */,
				5AAC5A63EA9AA34942D114EF /* MOSDecrementRegisterOperation.m in Sources */,
				5AAC52ED3EE0942DDCBAAE3F /* MOSLoadRegisterTests.m in Sources */,
				5AAC5F9C8B7B4149D4356C78 /* MOSLoadRegisterOperation.m in Sources */,
				5AAC55A292D26B484599252C /* MOSLoadRegisterYOperation.m in Sources */,
				5AAC59591D8D92CDD6FBDBA4 /* MOSStoreAccumulatorTests.m in Sources */,
				5AAC57D8673460712B979AF0 /* MOSStoreAccumulatorOperation.m in Sources */,
				5AAC5ABE8F02F6650830E927 /* MOSStoreRegisterXOperation.m in Sources */,
				5AAC597CBD4AD1CF21D0B784 /* MOSStoreXTests.m in Sources */,
				5AAC5FB78675B5D45AF03F09 /* MOSReadWriteMemory.m in Sources */,
				5AAC5869FEB10C1AAE8812A7 /* NESAddressBusTests.m in Sources */,
				5AAC52CF78A20A47F2F4BC38 /* NESAddressSpace.m in Sources */,
				5AAC5B363C747CEE1CB3D8AD /* NESFileParser.m in Sources */,
				5AAC50C626AB49EEE07C3A2E /* NESFile.m in Sources */,
				5AAC52EB085A7B2D5D5FFF92 /* NESFileParserTests.m in Sources */,
				5AAC5642326B0FD14F50A1A5 /* NESTestFile.m in Sources */,
				5AAC50FC8312B9B5E3AF7753 /* NESBasicProgramTest.m in Sources */,
				5AAC54C6D7475C6D0C0018BA /* NESNROMCartridgeTest.m in Sources */,
				5AAC5A90BF806B093BD67B87 /* NESNROMCartridge.m in Sources */,
				5AAC5CAE047DA5F42B17E7D3 /* MOSClearDecimalModeOperation.m in Sources */,
				5AAC59B25CD1549FE188DC3D /* MOSSetInterruptDisableOperation.m in Sources */,
				5AAC56A4AB3F8BCE1D6B333A /* MOSTransferAccumulatorToYOperation.m in Sources */,
			);
			runOnlyForDeploymentPostprocessing = 0;
		};
/* End PBXSourcesBuildPhase section */

/* Begin XCBuildConfiguration section */
		419695681A9FA46800787278 /* Debug */ = {
			isa = XCBuildConfiguration;
			buildSettings = {
				ALWAYS_SEARCH_USER_PATHS = NO;
				CLANG_CXX_LANGUAGE_STANDARD = "gnu++0x";
				CLANG_CXX_LIBRARY = "libc++";
				CLANG_ENABLE_MODULES = YES;
				CLANG_ENABLE_OBJC_ARC = YES;
				CLANG_WARN_BOOL_CONVERSION = YES;
				CLANG_WARN_CONSTANT_CONVERSION = YES;
				CLANG_WARN_DIRECT_OBJC_ISA_USAGE = YES_ERROR;
				CLANG_WARN_EMPTY_BODY = YES;
				CLANG_WARN_ENUM_CONVERSION = YES;
				CLANG_WARN_INT_CONVERSION = YES;
				CLANG_WARN_OBJC_ROOT_CLASS = YES_ERROR;
				CLANG_WARN_UNREACHABLE_CODE = YES;
				CLANG_WARN__DUPLICATE_METHOD_MATCH = YES;
				COPY_PHASE_STRIP = NO;
				ENABLE_STRICT_OBJC_MSGSEND = YES;
				GCC_C_LANGUAGE_STANDARD = gnu99;
				GCC_DYNAMIC_NO_PIC = NO;
				GCC_OPTIMIZATION_LEVEL = 0;
				GCC_PREPROCESSOR_DEFINITIONS = (
					"DEBUG=1",
					"$(inherited)",
				);
				GCC_SYMBOLS_PRIVATE_EXTERN = NO;
				GCC_WARN_64_TO_32_BIT_CONVERSION = YES;
				GCC_WARN_ABOUT_RETURN_TYPE = YES_ERROR;
				GCC_WARN_UNDECLARED_SELECTOR = YES;
				GCC_WARN_UNINITIALIZED_AUTOS = YES_AGGRESSIVE;
				GCC_WARN_UNUSED_FUNCTION = YES;
				GCC_WARN_UNUSED_VARIABLE = YES;
				MACOSX_DEPLOYMENT_TARGET = 10.10;
				MTL_ENABLE_DEBUG_INFO = YES;
				ONLY_ACTIVE_ARCH = YES;
				SDKROOT = macosx;
			};
			name = Debug;
		};
		419695691A9FA46800787278 /* Release */ = {
			isa = XCBuildConfiguration;
			buildSettings = {
				ALWAYS_SEARCH_USER_PATHS = NO;
				CLANG_CXX_LANGUAGE_STANDARD = "gnu++0x";
				CLANG_CXX_LIBRARY = "libc++";
				CLANG_ENABLE_MODULES = YES;
				CLANG_ENABLE_OBJC_ARC = YES;
				CLANG_WARN_BOOL_CONVERSION = YES;
				CLANG_WARN_CONSTANT_CONVERSION = YES;
				CLANG_WARN_DIRECT_OBJC_ISA_USAGE = YES_ERROR;
				CLANG_WARN_EMPTY_BODY = YES;
				CLANG_WARN_ENUM_CONVERSION = YES;
				CLANG_WARN_INT_CONVERSION = YES;
				CLANG_WARN_OBJC_ROOT_CLASS = YES_ERROR;
				CLANG_WARN_UNREACHABLE_CODE = YES;
				CLANG_WARN__DUPLICATE_METHOD_MATCH = YES;
				COPY_PHASE_STRIP = YES;
				DEBUG_INFORMATION_FORMAT = "dwarf-with-dsym";
				ENABLE_NS_ASSERTIONS = NO;
				ENABLE_STRICT_OBJC_MSGSEND = YES;
				GCC_C_LANGUAGE_STANDARD = gnu99;
				GCC_WARN_64_TO_32_BIT_CONVERSION = YES;
				GCC_WARN_ABOUT_RETURN_TYPE = YES_ERROR;
				GCC_WARN_UNDECLARED_SELECTOR = YES;
				GCC_WARN_UNINITIALIZED_AUTOS = YES_AGGRESSIVE;
				GCC_WARN_UNUSED_FUNCTION = YES;
				GCC_WARN_UNUSED_VARIABLE = YES;
				MACOSX_DEPLOYMENT_TARGET = 10.10;
				MTL_ENABLE_DEBUG_INFO = NO;
				SDKROOT = macosx;
			};
			name = Release;
		};
		4196956B1A9FA46800787278 /* Debug */ = {
			isa = XCBuildConfiguration;
			buildSettings = {
				PRODUCT_NAME = "$(TARGET_NAME)";
			};
			name = Debug;
		};
		4196956C1A9FA46800787278 /* Release */ = {
			isa = XCBuildConfiguration;
			buildSettings = {
				PRODUCT_NAME = "$(TARGET_NAME)";
			};
			name = Release;
		};
		4196957A1A9FA55E00787278 /* Debug */ = {
			isa = XCBuildConfiguration;
			buildSettings = {
				COMBINE_HIDPI_IMAGES = YES;
				FRAMEWORK_SEARCH_PATHS = (
					"$(DEVELOPER_FRAMEWORKS_DIR)",
					"$(inherited)",
				);
				GCC_PREPROCESSOR_DEFINITIONS = (
					"DEBUG=1",
					"$(inherited)",
				);
				INFOPLIST_FILE = MOSSimTests/Info.plist;
				LD_RUNPATH_SEARCH_PATHS = "$(inherited) @executable_path/../Frameworks @loader_path/../Frameworks";
				PRODUCT_NAME = "$(TARGET_NAME)";
			};
			name = Debug;
		};
		4196957B1A9FA55E00787278 /* Release */ = {
			isa = XCBuildConfiguration;
			buildSettings = {
				COMBINE_HIDPI_IMAGES = YES;
				FRAMEWORK_SEARCH_PATHS = (
					"$(DEVELOPER_FRAMEWORKS_DIR)",
					"$(inherited)",
				);
				INFOPLIST_FILE = MOSSimTests/Info.plist;
				LD_RUNPATH_SEARCH_PATHS = "$(inherited) @executable_path/../Frameworks @loader_path/../Frameworks";
				PRODUCT_NAME = "$(TARGET_NAME)";
			};
			name = Release;
		};
/* End XCBuildConfiguration section */

/* Begin XCConfigurationList section */
		4196955E1A9FA46800787278 /* Build configuration list for PBXProject "MOSSim" */ = {
			isa = XCConfigurationList;
			buildConfigurations = (
				419695681A9FA46800787278 /* Debug */,
				419695691A9FA46800787278 /* Release */,
			);
			defaultConfigurationIsVisible = 0;
			defaultConfigurationName = Release;
		};
		4196956A1A9FA46800787278 /* Build configuration list for PBXNativeTarget "MOSSim" */ = {
			isa = XCConfigurationList;
			buildConfigurations = (
				4196956B1A9FA46800787278 /* Debug */,
				4196956C1A9FA46800787278 /* Release */,
			);
			defaultConfigurationIsVisible = 0;
			defaultConfigurationName = Release;
		};
		419695791A9FA55E00787278 /* Build configuration list for PBXNativeTarget "MOSSimTests" */ = {
			isa = XCConfigurationList;
			buildConfigurations = (
				4196957A1A9FA55E00787278 /* Debug */,
				4196957B1A9FA55E00787278 /* Release */,
			);
			defaultConfigurationIsVisible = 0;
			defaultConfigurationName = Release;
		};
/* End XCConfigurationList section */
	};
	rootObject = 4196955B1A9FA46800787278 /* Project object */;
}
